// !$*UTF8*$!
{
	archiveVersion = 1;
	classes = {
	};
	objectVersion = 46;
	objects = {

/* Begin PBXBuildFile section */
		9C189561186D55950013263D /* DLForgotViewController.m in Sources */ = {isa = PBXBuildFile; fileRef = 9C189560186D55950013263D /* DLForgotViewController.m */; };
		9C189565186D5C730013263D /* RAutoTextField.m in Sources */ = {isa = PBXBuildFile; fileRef = 9C189564186D5C730013263D /* RAutoTextField.m */; };
		9C1A0A4518B3AE9900A767FC /* DLWakeUpPhaseViewController.m in Sources */ = {isa = PBXBuildFile; fileRef = 9C1A0A4418B3AE9900A767FC /* DLWakeUpPhaseViewController.m */; };
		9C287C71187B0F7E00934786 /* circle-big-shadow@2x.png in Resources */ = {isa = PBXBuildFile; fileRef = 9C287C6D187B0F7E00934786 /* circle-big-shadow@2x.png */; };
		9C287C72187B0F7E00934786 /* circle-big@2x.png in Resources */ = {isa = PBXBuildFile; fileRef = 9C287C6E187B0F7E00934786 /* circle-big@2x.png */; };
		9C287C73187B0F7E00934786 /* circle-small-shadow@2x.png in Resources */ = {isa = PBXBuildFile; fileRef = 9C287C6F187B0F7E00934786 /* circle-small-shadow@2x.png */; };
		9C287C74187B0F7E00934786 /* circle-small@2x.png in Resources */ = {isa = PBXBuildFile; fileRef = 9C287C70187B0F7E00934786 /* circle-small@2x.png */; };
		9C287C77187B2E0E00934786 /* DLDataViewController.m in Sources */ = {isa = PBXBuildFile; fileRef = 9C287C76187B2E0E00934786 /* DLDataViewController.m */; };
		9C287C79187B2E5100934786 /* data-bg@2x.png in Resources */ = {isa = PBXBuildFile; fileRef = 9C287C78187B2E5100934786 /* data-bg@2x.png */; };
		9C287C7B187B2F6E00934786 /* more-data@2x.png in Resources */ = {isa = PBXBuildFile; fileRef = 9C287C7A187B2F6E00934786 /* more-data@2x.png */; };
		9C287C81187B303600934786 /* delete@2x.png in Resources */ = {isa = PBXBuildFile; fileRef = 9C287C7C187B303600934786 /* delete@2x.png */; };
		9C287C82187B303600934786 /* emotion-bad@2x.png in Resources */ = {isa = PBXBuildFile; fileRef = 9C287C7D187B303600934786 /* emotion-bad@2x.png */; };
		9C287C83187B303600934786 /* emotion-good@2x.png in Resources */ = {isa = PBXBuildFile; fileRef = 9C287C7E187B303600934786 /* emotion-good@2x.png */; };
		9C287C84187B303600934786 /* emotion-normal@2x.png in Resources */ = {isa = PBXBuildFile; fileRef = 9C287C7F187B303600934786 /* emotion-normal@2x.png */; };
		9C287C85187B303600934786 /* share@2x.png in Resources */ = {isa = PBXBuildFile; fileRef = 9C287C80187B303600934786 /* share@2x.png */; };
		9C2B009218425A3A00F90ED8 /* DLDatabase.m in Sources */ = {isa = PBXBuildFile; fileRef = 9C2B009118425A3A00F90ED8 /* DLDatabase.m */; };
		9C357E79184673B5004A927D /* DLRecord.m in Sources */ = {isa = PBXBuildFile; fileRef = 9C357E78184673B5004A927D /* DLRecord.m */; };
		9C37678518C06629009CFE12 /* YHWeather.m in Sources */ = {isa = PBXBuildFile; fileRef = 9C37678418C06629009CFE12 /* YHWeather.m */; };
		9C3767A018C1BE03009CFE12 /* UIApplication+RExtension.m in Sources */ = {isa = PBXBuildFile; fileRef = 9C37679F18C1BE03009CFE12 /* UIApplication+RExtension.m */; };
		9C3767A318C1CF6D009CFE12 /* DLApplication.m in Sources */ = {isa = PBXBuildFile; fileRef = 9C3767A218C1CF6D009CFE12 /* DLApplication.m */; };
		9C4824BF17462FF6002D06E8 /* CoreMotion.framework in Frameworks */ = {isa = PBXBuildFile; fileRef = 9C4824BE17462FF6002D06E8 /* CoreMotion.framework */; };
		9C482509174A5935002D06E8 /* OpenGLES.framework in Frameworks */ = {isa = PBXBuildFile; fileRef = 9C482508174A5935002D06E8 /* OpenGLES.framework */; };
		9C48250E174A655C002D06E8 /* QuartzCore.framework in Frameworks */ = {isa = PBXBuildFile; fileRef = 9C48250A174A594F002D06E8 /* QuartzCore.framework */; };
		9C49214518C5B7C800029A76 /* DLNavigationController.m in Sources */ = {isa = PBXBuildFile; fileRef = 9C49214418C5B7C800029A76 /* DLNavigationController.m */; };
		9C49214718C5BCAF00029A76 /* back@2x.png in Resources */ = {isa = PBXBuildFile; fileRef = 9C49214618C5BCAF00029A76 /* back@2x.png */; };
		9C49214A18C5BD1200029A76 /* DLChartView.m in Sources */ = {isa = PBXBuildFile; fileRef = 9C49214918C5BD1200029A76 /* DLChartView.m */; };
		9C49215218C5E16600029A76 /* data1@2x.png in Resources */ = {isa = PBXBuildFile; fileRef = 9C49214F18C5E16600029A76 /* data1@2x.png */; };
		9C49215318C5E16600029A76 /* data2@2x.png in Resources */ = {isa = PBXBuildFile; fileRef = 9C49215018C5E16600029A76 /* data2@2x.png */; };
		9C49215418C5E16600029A76 /* data3@2x.png in Resources */ = {isa = PBXBuildFile; fileRef = 9C49215118C5E16600029A76 /* data3@2x.png */; };
		9C49215918C7659400029A76 /* RSlideView.m in Sources */ = {isa = PBXBuildFile; fileRef = 9C49215818C7659400029A76 /* RSlideView.m */; };
		9C49215C18C766C000029A76 /* DLDayDataView.m in Sources */ = {isa = PBXBuildFile; fileRef = 9C49215B18C766C000029A76 /* DLDayDataView.m */; };
		9C49215E18C7750900029A76 /* DLDayDataView.xib in Resources */ = {isa = PBXBuildFile; fileRef = 9C49215D18C7750900029A76 /* DLDayDataView.xib */; };
		9C49216518C777BC00029A76 /* 曲线1@2x.png in Resources */ = {isa = PBXBuildFile; fileRef = 9C49215F18C777BC00029A76 /* 曲线1@2x.png */; };
		9C49216618C777BC00029A76 /* 曲线2@2x.png in Resources */ = {isa = PBXBuildFile; fileRef = 9C49216018C777BC00029A76 /* 曲线2@2x.png */; };
		9C49216718C777BC00029A76 /* 曲线3@2x.png in Resources */ = {isa = PBXBuildFile; fileRef = 9C49216118C777BC00029A76 /* 曲线3@2x.png */; };
		9C49216818C777BC00029A76 /* 曲线4@2x.png in Resources */ = {isa = PBXBuildFile; fileRef = 9C49216218C777BC00029A76 /* 曲线4@2x.png */; };
		9C49216918C777BC00029A76 /* 曲线5@2x.png in Resources */ = {isa = PBXBuildFile; fileRef = 9C49216318C777BC00029A76 /* 曲线5@2x.png */; };
		9C49216A18C777BC00029A76 /* 曲线6@2x.png in Resources */ = {isa = PBXBuildFile; fileRef = 9C49216418C777BC00029A76 /* 曲线6@2x.png */; };
		9C4F25B818C44F26000BA2AB /* DLSoundPlayer.m in Sources */ = {isa = PBXBuildFile; fileRef = 9C4F25B718C44F26000BA2AB /* DLSoundPlayer.m */; };
		9C4F25BA18C475BA000BA2AB /* pin@2x.png in Resources */ = {isa = PBXBuildFile; fileRef = 9C4F25B918C475BA000BA2AB /* pin@2x.png */; };
		9C4F25BD18C4AFDD000BA2AB /* DLDetailDataViewController.m in Sources */ = {isa = PBXBuildFile; fileRef = 9C4F25BC18C4AFDD000BA2AB /* DLDetailDataViewController.m */; };
		9C4F25C018C4B811000BA2AB /* DLDataCurveView.m in Sources */ = {isa = PBXBuildFile; fileRef = 9C4F25BF18C4B811000BA2AB /* DLDataCurveView.m */; };
		9C532F301860B4B500E391CE /* AudioToolbox.framework in Frameworks */ = {isa = PBXBuildFile; fileRef = 9C532F2F1860B4B500E391CE /* AudioToolbox.framework */; };
		9C5A96151862B85B00C673DB /* iTunesArtwork in Resources */ = {isa = PBXBuildFile; fileRef = 9C5A96141862B85B00C673DB /* iTunesArtwork */; };
		9C5A963718642BB700C673DB /* DLGuideViewController.m in Sources */ = {isa = PBXBuildFile; fileRef = 9C5A963618642BB700C673DB /* DLGuideViewController.m */; };
		9C5B75FA18366E5B00943394 /* DLDataRecorder.m in Sources */ = {isa = PBXBuildFile; fileRef = 9C5B75F918366E5B00943394 /* DLDataRecorder.m */; };
		9C5B75FD18366E6B00943394 /* DLDataProvider.m in Sources */ = {isa = PBXBuildFile; fileRef = 9C5B75FC18366E6B00943394 /* DLDataProvider.m */; };
		9C5B760918366F0600943394 /* FMDatabase.m in Sources */ = {isa = PBXBuildFile; fileRef = 9C5B760018366F0600943394 /* FMDatabase.m */; };
		9C5B760A18366F0600943394 /* FMDatabaseAdditions.m in Sources */ = {isa = PBXBuildFile; fileRef = 9C5B760218366F0600943394 /* FMDatabaseAdditions.m */; };
		9C5B760B18366F0600943394 /* FMDatabasePool.m in Sources */ = {isa = PBXBuildFile; fileRef = 9C5B760418366F0600943394 /* FMDatabasePool.m */; };
		9C5B760C18366F0600943394 /* FMDatabaseQueue.m in Sources */ = {isa = PBXBuildFile; fileRef = 9C5B760618366F0600943394 /* FMDatabaseQueue.m */; };
		9C5B760D18366F0600943394 /* FMResultSet.m in Sources */ = {isa = PBXBuildFile; fileRef = 9C5B760818366F0600943394 /* FMResultSet.m */; };
		9C5B760F18366F1C00943394 /* libsqlite3.0.dylib in Frameworks */ = {isa = PBXBuildFile; fileRef = 9C5B760E18366F1C00943394 /* libsqlite3.0.dylib */; };
		9C5C79B317561B9A0066D960 /* Storyboard.storyboard in Resources */ = {isa = PBXBuildFile; fileRef = 9C5C79B217561B9A0066D960 /* Storyboard.storyboard */; };
		9C5C79B6175621B00066D960 /* Localizable.strings in Resources */ = {isa = PBXBuildFile; fileRef = 9C5C79B8175621B00066D960 /* Localizable.strings */; };
		9C5C79BC175625CF0066D960 /* DLData.m in Sources */ = {isa = PBXBuildFile; fileRef = 9C5C79BB175625CF0066D960 /* DLData.m */; };
		9C5C79C1175788CA0066D960 /* SVProgressHUD.bundle in Resources */ = {isa = PBXBuildFile; fileRef = 9C5C79BE175788CA0066D960 /* SVProgressHUD.bundle */; };
		9C5C79C2175788CA0066D960 /* SVProgressHUD.m in Sources */ = {isa = PBXBuildFile; fileRef = 9C5C79C0175788CA0066D960 /* SVProgressHUD.m */; settings = {COMPILER_FLAGS = "-fobjc-arc"; }; };
		9C63737F175FA3E50012C9B5 /* computer.png in Resources */ = {isa = PBXBuildFile; fileRef = 9C63737E175FA3E50012C9B5 /* computer.png */; };
		9C6DD69418B112A7005A7E1E /* DLWeeklyAlerm.m in Sources */ = {isa = PBXBuildFile; fileRef = 9C6DD69318B112A7005A7E1E /* DLWeeklyAlerm.m */; };
		9C6DD69718B11AC3005A7E1E /* DLSettingViewController.m in Sources */ = {isa = PBXBuildFile; fileRef = 9C6DD69618B11AC3005A7E1E /* DLSettingViewController.m */; };
		9C6DD69B18B11B25005A7E1E /* lighting@2x.png in Resources */ = {isa = PBXBuildFile; fileRef = 9C6DD69818B11B25005A7E1E /* lighting@2x.png */; };
		9C6DD69C18B11B25005A7E1E /* phase@2x.png in Resources */ = {isa = PBXBuildFile; fileRef = 9C6DD69918B11B25005A7E1E /* phase@2x.png */; };
		9C6DD69D18B11B25005A7E1E /* sound@2x.png in Resources */ = {isa = PBXBuildFile; fileRef = 9C6DD69A18B11B25005A7E1E /* sound@2x.png */; };
		9C7A95E1188D14F2006643D8 /* AVOSCloud.framework in Frameworks */ = {isa = PBXBuildFile; fileRef = 9C7A95E0188D14F2006643D8 /* AVOSCloud.framework */; };
		9C7A95E3188D1541006643D8 /* MobileCoreServices.framework in Frameworks */ = {isa = PBXBuildFile; fileRef = 9C7A95E2188D1541006643D8 /* MobileCoreServices.framework */; };
		9C7A95E5188D154C006643D8 /* CFNetwork.framework in Frameworks */ = {isa = PBXBuildFile; fileRef = 9C7A95E4188D154C006643D8 /* CFNetwork.framework */; };
		9C7A95E7188D155C006643D8 /* CoreTelephony.framework in Frameworks */ = {isa = PBXBuildFile; fileRef = 9C7A95E6188D155C006643D8 /* CoreTelephony.framework */; };
		9C7A95E9188D1566006643D8 /* CoreLocation.framework in Frameworks */ = {isa = PBXBuildFile; fileRef = 9C7A95E8188D1566006643D8 /* CoreLocation.framework */; };
		9C7A95EB188D158F006643D8 /* SystemConfiguration.framework in Frameworks */ = {isa = PBXBuildFile; fileRef = 9C7A95EA188D158F006643D8 /* SystemConfiguration.framework */; };
		9C7A95ED188D1777006643D8 /* AVOSCloudSNS.framework in Frameworks */ = {isa = PBXBuildFile; fileRef = 9C7A95EC188D1777006643D8 /* AVOSCloudSNS.framework */; };
		9C7A964D188D1BB1006643D8 /* MessageUI.framework in Frameworks */ = {isa = PBXBuildFile; fileRef = 9C7A964C188D1BB1006643D8 /* MessageUI.framework */; };
		9C7A964F188D1BFB006643D8 /* libz.1.2.5.dylib in Frameworks */ = {isa = PBXBuildFile; fileRef = 9C7A964E188D1BFB006643D8 /* libz.1.2.5.dylib */; };
		9C7A9651188D1C3A006643D8 /* libicucore.dylib in Frameworks */ = {isa = PBXBuildFile; fileRef = 9C7A9650188D1C3A006643D8 /* libicucore.dylib */; };
		9C7A9654188D21BA006643D8 /* DLUser.m in Sources */ = {isa = PBXBuildFile; fileRef = 9C7A9653188D21BA006643D8 /* DLUser.m */; };
		9C7A9656188D3544006643D8 /* SDWebImage.framework in Frameworks */ = {isa = PBXBuildFile; fileRef = 9C7A9655188D3544006643D8 /* SDWebImage.framework */; };
		9C7A9658188D3619006643D8 /* ImageIO.framework in Frameworks */ = {isa = PBXBuildFile; fileRef = 9C7A9657188D3619006643D8 /* ImageIO.framework */; };
		9C7A965B188D3777006643D8 /* NSUserDefaults+Settings.m in Sources */ = {isa = PBXBuildFile; fileRef = 9C7A965A188D3777006643D8 /* NSUserDefaults+Settings.m */; };
		9C7C210D1869BC5C00F2B2EA /* DLSignUpViewController.m in Sources */ = {isa = PBXBuildFile; fileRef = 9C7C210C1869BC5C00F2B2EA /* DLSignUpViewController.m */; };
		9C7C21101869C58F00F2B2EA /* DLCustomPlaceholderColorTextField.m in Sources */ = {isa = PBXBuildFile; fileRef = 9C7C210F1869C58F00F2B2EA /* DLCustomPlaceholderColorTextField.m */; };
		9C7C21131869C82600F2B2EA /* DLDateField.m in Sources */ = {isa = PBXBuildFile; fileRef = 9C7C21121869C82600F2B2EA /* DLDateField.m */; };
		9C7C21161869CA9A00F2B2EA /* DLOptionField.m in Sources */ = {isa = PBXBuildFile; fileRef = 9C7C21151869CA9A00F2B2EA /* DLOptionField.m */; };
		9C9AFF30176F6A5700C11C99 /* CorePlot.framework in Frameworks */ = {isa = PBXBuildFile; fileRef = 9C9AFF2F176F6A5700C11C99 /* CorePlot.framework */; };
		9C9B214018B8DE12009D233E /* charger@2x.png in Resources */ = {isa = PBXBuildFile; fileRef = 9C9B213D18B8DE12009D233E /* charger@2x.png */; };
		9C9B214118B8DE12009D233E /* cross@2x.png in Resources */ = {isa = PBXBuildFile; fileRef = 9C9B213E18B8DE12009D233E /* cross@2x.png */; };
		9C9B214218B8DE12009D233E /* tick@2x.png in Resources */ = {isa = PBXBuildFile; fileRef = 9C9B213F18B8DE12009D233E /* tick@2x.png */; };
		9C9B214518B9057A009D233E /* UIView+DL.m in Sources */ = {isa = PBXBuildFile; fileRef = 9C9B214418B9057A009D233E /* UIView+DL.m */; };
		9C9B214818B905EC009D233E /* DLStartViewController.m in Sources */ = {isa = PBXBuildFile; fileRef = 9C9B214718B905EC009D233E /* DLStartViewController.m */; };
		9C9B214A18B90AA9009D233E /* slide@2x.png in Resources */ = {isa = PBXBuildFile; fileRef = 9C9B214918B90AA9009D233E /* slide@2x.png */; };
		9C9B214C18B9106B009D233E /* clock-tiny@2x.png in Resources */ = {isa = PBXBuildFile; fileRef = 9C9B214B18B9106B009D233E /* clock-tiny@2x.png */; };
		9C9D5F05184F4396006D01BC /* AVFoundation.framework in Frameworks */ = {isa = PBXBuildFile; fileRef = 9C9D5F04184F4396006D01BC /* AVFoundation.framework */; };
		9CA0DF8917A2AA4E00037063 /* LEDDevice.m in Sources */ = {isa = PBXBuildFile; fileRef = 9CA0DF8817A2AA4E00037063 /* LEDDevice.m */; };
		9CA0DF8C17A2AA7B00037063 /* LEDFinder.m in Sources */ = {isa = PBXBuildFile; fileRef = 9CA0DF8B17A2AA7B00037063 /* LEDFinder.m */; };
		9CA0DF8F17A2AAA700037063 /* LEDController.m in Sources */ = {isa = PBXBuildFile; fileRef = 9CA0DF8E17A2AAA700037063 /* LEDController.m */; };
		9CAAF1D71869EFB700C666D2 /* background@2x.png in Resources */ = {isa = PBXBuildFile; fileRef = 9CAAF1C51869EFB700C666D2 /* background@2x.png */; };
		9CAAF1D81869EFB700C666D2 /* Default-568h@2x.png in Resources */ = {isa = PBXBuildFile; fileRef = 9CAAF1C61869EFB700C666D2 /* Default-568h@2x.png */; };
		9CAAF1D91869EFB700C666D2 /* Default.png in Resources */ = {isa = PBXBuildFile; fileRef = 9CAAF1C71869EFB700C666D2 /* Default.png */; };
		9CAAF1DA1869EFB700C666D2 /* Default@2x.png in Resources */ = {isa = PBXBuildFile; fileRef = 9CAAF1C81869EFB700C666D2 /* Default@2x.png */; };
		9CAAF1DB1869EFB700C666D2 /* DreamColor logo@2x.png in Resources */ = {isa = PBXBuildFile; fileRef = 9CAAF1C91869EFB700C666D2 /* DreamColor logo@2x.png */; };
		9CAAF1DC1869EFB700C666D2 /* email@2x.png in Resources */ = {isa = PBXBuildFile; fileRef = 9CAAF1CA1869EFB700C666D2 /* email@2x.png */; };
		9CAAF1DD1869EFB700C666D2 /* Icon-120@2x.png in Resources */ = {isa = PBXBuildFile; fileRef = 9CAAF1CB1869EFB700C666D2 /* Icon-120@2x.png */; };
		9CAAF1DE1869EFB700C666D2 /* Icon.png in Resources */ = {isa = PBXBuildFile; fileRef = 9CAAF1CC1869EFB700C666D2 /* Icon.png */; };
		9CAAF1DF1869EFB700C666D2 /* Icon@2x.png in Resources */ = {isa = PBXBuildFile; fileRef = 9CAAF1CD1869EFB700C666D2 /* Icon@2x.png */; };
		9CAAF1E01869EFB700C666D2 /* nav@2x.png in Resources */ = {isa = PBXBuildFile; fileRef = 9CAAF1CE1869EFB700C666D2 /* nav@2x.png */; };
		9CAAF1E11869EFB700C666D2 /* password@2x.png in Resources */ = {isa = PBXBuildFile; fileRef = 9CAAF1CF1869EFB700C666D2 /* password@2x.png */; };
		9CAAF1E21869EFB700C666D2 /* photo@2x.png in Resources */ = {isa = PBXBuildFile; fileRef = 9CAAF1D01869EFB700C666D2 /* photo@2x.png */; };
		9CAAF1E31869EFB700C666D2 /* start.caf in Resources */ = {isa = PBXBuildFile; fileRef = 9CAAF1D11869EFB700C666D2 /* start.caf */; };
		9CAAF1E41869EFB700C666D2 /* wechat@2x.png in Resources */ = {isa = PBXBuildFile; fileRef = 9CAAF1D21869EFB700C666D2 /* wechat@2x.png */; };
		9CAAF1E51869EFB700C666D2 /* weibo@2x.png in Resources */ = {isa = PBXBuildFile; fileRef = 9CAAF1D31869EFB700C666D2 /* weibo@2x.png */; };
		9CAAF1E61869EFB700C666D2 /* WT Background1@2x.jpg in Resources */ = {isa = PBXBuildFile; fileRef = 9CAAF1D41869EFB700C666D2 /* WT Background1@2x.jpg */; };
		9CAAF1E71869EFB700C666D2 /* WT Background2@2x.jpg in Resources */ = {isa = PBXBuildFile; fileRef = 9CAAF1D51869EFB700C666D2 /* WT Background2@2x.jpg */; };
		9CAAF1E81869EFB700C666D2 /* WT Background3@2x.jpg in Resources */ = {isa = PBXBuildFile; fileRef = 9CAAF1D61869EFB700C666D2 /* WT Background3@2x.jpg */; };
		9CAAF1EB1869F32900C666D2 /* DLSignInViewController.m in Sources */ = {isa = PBXBuildFile; fileRef = 9CAAF1EA1869F32900C666D2 /* DLSignInViewController.m */; };
		9CBD2CAD173F4464001FFAE0 /* UIKit.framework in Frameworks */ = {isa = PBXBuildFile; fileRef = 9CBD2CAC173F4464001FFAE0 /* UIKit.framework */; };
		9CBD2CAF173F4464001FFAE0 /* Foundation.framework in Frameworks */ = {isa = PBXBuildFile; fileRef = 9CBD2CAE173F4464001FFAE0 /* Foundation.framework */; };
		9CBD2CB1173F4464001FFAE0 /* CoreGraphics.framework in Frameworks */ = {isa = PBXBuildFile; fileRef = 9CBD2CB0173F4464001FFAE0 /* CoreGraphics.framework */; };
		9CBD2CB7173F4464001FFAE0 /* InfoPlist.strings in Resources */ = {isa = PBXBuildFile; fileRef = 9CBD2CB5173F4464001FFAE0 /* InfoPlist.strings */; };
		9CBD2CB9173F4464001FFAE0 /* main.m in Sources */ = {isa = PBXBuildFile; fileRef = 9CBD2CB8173F4464001FFAE0 /* main.m */; };
		9CBD2CBD173F4464001FFAE0 /* DLAppDelegate.m in Sources */ = {isa = PBXBuildFile; fileRef = 9CBD2CBC173F4464001FFAE0 /* DLAppDelegate.m */; };
		9CBD2CC9173F4464001FFAE0 /* DLViewController.m in Sources */ = {isa = PBXBuildFile; fileRef = 9CBD2CC8173F4464001FFAE0 /* DLViewController.m */; };
		9CC3D455175EE6E0009AB5CA /* bluetooth.png in Resources */ = {isa = PBXBuildFile; fileRef = 9CC3D437175EE6E0009AB5CA /* bluetooth.png */; };
		9CC3D45B175EE6E0009AB5CA /* keyboard.png in Resources */ = {isa = PBXBuildFile; fileRef = 9CC3D44F175EE6E0009AB5CA /* keyboard.png */; };
		9CC3D45F175EE6E1009AB5CA /* smartphone.png in Resources */ = {isa = PBXBuildFile; fileRef = 9CC3D454175EE6E0009AB5CA /* smartphone.png */; };
		9CC3D462175EE732009AB5CA /* RTPulseWaveView.m in Sources */ = {isa = PBXBuildFile; fileRef = 9CC3D461175EE732009AB5CA /* RTPulseWaveView.m */; };
		9CC3D46B175EEBDD009AB5CA /* DLHistoryListViewController.m in Sources */ = {isa = PBXBuildFile; fileRef = 9CC3D46A175EEBDD009AB5CA /* DLHistoryListViewController.m */; };
		9CD121871871826900612DD8 /* alam@2x.png in Resources */ = {isa = PBXBuildFile; fileRef = 9CD121821871826900612DD8 /* alam@2x.png */; };
		9CD121881871826900612DD8 /* data@2x.png in Resources */ = {isa = PBXBuildFile; fileRef = 9CD121831871826900612DD8 /* data@2x.png */; };
		9CD121891871826900612DD8 /* location@2x.png in Resources */ = {isa = PBXBuildFile; fileRef = 9CD121841871826900612DD8 /* location@2x.png */; };
		9CD1218A1871826900612DD8 /* nev bg@2x.png in Resources */ = {isa = PBXBuildFile; fileRef = 9CD121851871826900612DD8 /* nev bg@2x.png */; };
		9CD1218B1871826900612DD8 /* setting@2x.png in Resources */ = {isa = PBXBuildFile; fileRef = 9CD121861871826900612DD8 /* setting@2x.png */; };
		9CD121911871844E00612DD8 /* big dot@2x.png in Resources */ = {isa = PBXBuildFile; fileRef = 9CD1218C1871844E00612DD8 /* big dot@2x.png */; };
		9CD121921871844E00612DD8 /* music off@2x.png in Resources */ = {isa = PBXBuildFile; fileRef = 9CD1218D1871844E00612DD8 /* music off@2x.png */; };
		9CD121931871844E00612DD8 /* music on@2x.png in Resources */ = {isa = PBXBuildFile; fileRef = 9CD1218E1871844E00612DD8 /* music on@2x.png */; };
		9CD121941871844E00612DD8 /* small dot@2x.png in Resources */ = {isa = PBXBuildFile; fileRef = 9CD1218F1871844E00612DD8 /* small dot@2x.png */; };
		9CD121951871844E00612DD8 /* start bg@2x.png in Resources */ = {isa = PBXBuildFile; fileRef = 9CD121901871844E00612DD8 /* start bg@2x.png */; };
		9CD1219B1871848700612DD8 /* RTNavigationController.m in Sources */ = {isa = PBXBuildFile; fileRef = 9CD121981871848700612DD8 /* RTNavigationController.m */; };
		9CD1219C1871848700612DD8 /* RTSiderViewController.m in Sources */ = {isa = PBXBuildFile; fileRef = 9CD1219A1871848700612DD8 /* RTSiderViewController.m */; };
		9CD1219F187184CC00612DD8 /* DLSiderViewController.m in Sources */ = {isa = PBXBuildFile; fileRef = 9CD1219E187184CC00612DD8 /* DLSiderViewController.m */; };
		9CD121A41871898100612DD8 /* DLAlarmViewController.m in Sources */ = {isa = PBXBuildFile; fileRef = 9CD121A31871898100612DD8 /* DLAlarmViewController.m */; };
		9CD121A618718CCE00612DD8 /* none@2x.png in Resources */ = {isa = PBXBuildFile; fileRef = 9CD121A518718CCE00612DD8 /* none@2x.png */; };
		9CD121A9187191F500612DD8 /* DLLeftPanelViewController.m in Sources */ = {isa = PBXBuildFile; fileRef = 9CD121A8187191F500612DD8 /* DLLeftPanelViewController.m */; };
		9CD121AC1871A0AF00612DD8 /* DLDialPlate.m in Sources */ = {isa = PBXBuildFile; fileRef = 9CD121AB1871A0AF00612DD8 /* DLDialPlate.m */; };
		9CEB417418C311F70009AC82 /* DLAlarm.m in Sources */ = {isa = PBXBuildFile; fileRef = 9CEB417318C311F70009AC82 /* DLAlarm.m */; };
		9CEB417618C317450009AC82 /* alarm_sound_1.mp3 in Resources */ = {isa = PBXBuildFile; fileRef = 9CEB417518C317450009AC82 /* alarm_sound_1.mp3 */; };
		9CF9DE12187294BE002D45C9 /* DLTimePlate.m in Sources */ = {isa = PBXBuildFile; fileRef = 9CF9DE11187294BE002D45C9 /* DLTimePlate.m */; };
		9CF9DE1418729D73002D45C9 /* circle@2x.png in Resources */ = {isa = PBXBuildFile; fileRef = 9CF9DE1318729D73002D45C9 /* circle@2x.png */; };
		9CF9DE161872A12A002D45C9 /* menu@2x.png in Resources */ = {isa = PBXBuildFile; fileRef = 9CF9DE151872A12A002D45C9 /* menu@2x.png */; };
		9CF9DE191872A23E002D45C9 /* NSDate+RExtension.m in Sources */ = {isa = PBXBuildFile; fileRef = 9CF9DE181872A23E002D45C9 /* NSDate+RExtension.m */; };
		9CF9DE1B1872ACAE002D45C9 /* circle-shadow@2x.png in Resources */ = {isa = PBXBuildFile; fileRef = 9CF9DE1A1872ACAE002D45C9 /* circle-shadow@2x.png */; };
/* End PBXBuildFile section */

/* Begin PBXFileReference section */
		9C18955F186D55950013263D /* DLForgotViewController.h */ = {isa = PBXFileReference; fileEncoding = 4; lastKnownFileType = sourcecode.c.h; path = DLForgotViewController.h; sourceTree = "<group>"; };
		9C189560186D55950013263D /* DLForgotViewController.m */ = {isa = PBXFileReference; fileEncoding = 4; lastKnownFileType = sourcecode.c.objc; path = DLForgotViewController.m; sourceTree = "<group>"; };
		9C189563186D5C730013263D /* RAutoTextField.h */ = {isa = PBXFileReference; fileEncoding = 4; lastKnownFileType = sourcecode.c.h; path = RAutoTextField.h; sourceTree = "<group>"; };
		9C189564186D5C730013263D /* RAutoTextField.m */ = {isa = PBXFileReference; fileEncoding = 4; lastKnownFileType = sourcecode.c.objc; path = RAutoTextField.m; sourceTree = "<group>"; };
		9C1A0A4318B3AE9900A767FC /* DLWakeUpPhaseViewController.h */ = {isa = PBXFileReference; fileEncoding = 4; lastKnownFileType = sourcecode.c.h; path = DLWakeUpPhaseViewController.h; sourceTree = "<group>"; };
		9C1A0A4418B3AE9900A767FC /* DLWakeUpPhaseViewController.m */ = {isa = PBXFileReference; fileEncoding = 4; lastKnownFileType = sourcecode.c.objc; path = DLWakeUpPhaseViewController.m; sourceTree = "<group>"; };
		9C287C6D187B0F7E00934786 /* circle-big-shadow@2x.png */ = {isa = PBXFileReference; lastKnownFileType = image.png; path = "circle-big-shadow@2x.png"; sourceTree = "<group>"; };
		9C287C6E187B0F7E00934786 /* circle-big@2x.png */ = {isa = PBXFileReference; lastKnownFileType = image.png; path = "circle-big@2x.png"; sourceTree = "<group>"; };
		9C287C6F187B0F7E00934786 /* circle-small-shadow@2x.png */ = {isa = PBXFileReference; lastKnownFileType = image.png; path = "circle-small-shadow@2x.png"; sourceTree = "<group>"; };
		9C287C70187B0F7E00934786 /* circle-small@2x.png */ = {isa = PBXFileReference; lastKnownFileType = image.png; path = "circle-small@2x.png"; sourceTree = "<group>"; };
		9C287C75187B2E0E00934786 /* DLDataViewController.h */ = {isa = PBXFileReference; fileEncoding = 4; lastKnownFileType = sourcecode.c.h; path = DLDataViewController.h; sourceTree = "<group>"; };
		9C287C76187B2E0E00934786 /* DLDataViewController.m */ = {isa = PBXFileReference; fileEncoding = 4; lastKnownFileType = sourcecode.c.objc; path = DLDataViewController.m; sourceTree = "<group>"; };
		9C287C78187B2E5100934786 /* data-bg@2x.png */ = {isa = PBXFileReference; lastKnownFileType = image.png; path = "data-bg@2x.png"; sourceTree = "<group>"; };
		9C287C7A187B2F6E00934786 /* more-data@2x.png */ = {isa = PBXFileReference; lastKnownFileType = image.png; path = "more-data@2x.png"; sourceTree = "<group>"; };
		9C287C7C187B303600934786 /* delete@2x.png */ = {isa = PBXFileReference; lastKnownFileType = image.png; path = "delete@2x.png"; sourceTree = "<group>"; };
		9C287C7D187B303600934786 /* emotion-bad@2x.png */ = {isa = PBXFileReference; lastKnownFileType = image.png; path = "emotion-bad@2x.png"; sourceTree = "<group>"; };
		9C287C7E187B303600934786 /* emotion-good@2x.png */ = {isa = PBXFileReference; lastKnownFileType = image.png; path = "emotion-good@2x.png"; sourceTree = "<group>"; };
		9C287C7F187B303600934786 /* emotion-normal@2x.png */ = {isa = PBXFileReference; lastKnownFileType = image.png; path = "emotion-normal@2x.png"; sourceTree = "<group>"; };
		9C287C80187B303600934786 /* share@2x.png */ = {isa = PBXFileReference; lastKnownFileType = image.png; path = "share@2x.png"; sourceTree = "<group>"; };
		9C2B009018425A3A00F90ED8 /* DLDatabase.h */ = {isa = PBXFileReference; fileEncoding = 4; lastKnownFileType = sourcecode.c.h; path = DLDatabase.h; sourceTree = "<group>"; };
		9C2B009118425A3A00F90ED8 /* DLDatabase.m */ = {isa = PBXFileReference; fileEncoding = 4; lastKnownFileType = sourcecode.c.objc; path = DLDatabase.m; sourceTree = "<group>"; };
		9C357E77184673B5004A927D /* DLRecord.h */ = {isa = PBXFileReference; fileEncoding = 4; lastKnownFileType = sourcecode.c.h; path = DLRecord.h; sourceTree = "<group>"; };
		9C357E78184673B5004A927D /* DLRecord.m */ = {isa = PBXFileReference; fileEncoding = 4; lastKnownFileType = sourcecode.c.objc; path = DLRecord.m; sourceTree = "<group>"; };
		9C37678318C06629009CFE12 /* YHWeather.h */ = {isa = PBXFileReference; fileEncoding = 4; lastKnownFileType = sourcecode.c.h; path = YHWeather.h; sourceTree = "<group>"; };
		9C37678418C06629009CFE12 /* YHWeather.m */ = {isa = PBXFileReference; fileEncoding = 4; lastKnownFileType = sourcecode.c.objc; path = YHWeather.m; sourceTree = "<group>"; };
		9C37679E18C1BE03009CFE12 /* UIApplication+RExtension.h */ = {isa = PBXFileReference; fileEncoding = 4; lastKnownFileType = sourcecode.c.h; path = "UIApplication+RExtension.h"; sourceTree = "<group>"; };
		9C37679F18C1BE03009CFE12 /* UIApplication+RExtension.m */ = {isa = PBXFileReference; fileEncoding = 4; lastKnownFileType = sourcecode.c.objc; path = "UIApplication+RExtension.m"; sourceTree = "<group>"; };
		9C3767A118C1CF6D009CFE12 /* DLApplication.h */ = {isa = PBXFileReference; fileEncoding = 4; lastKnownFileType = sourcecode.c.h; path = DLApplication.h; sourceTree = "<group>"; };
		9C3767A218C1CF6D009CFE12 /* DLApplication.m */ = {isa = PBXFileReference; fileEncoding = 4; lastKnownFileType = sourcecode.c.objc; path = DLApplication.m; sourceTree = "<group>"; };
		9C4824BE17462FF6002D06E8 /* CoreMotion.framework */ = {isa = PBXFileReference; lastKnownFileType = wrapper.framework; name = CoreMotion.framework; path = System/Library/Frameworks/CoreMotion.framework; sourceTree = SDKROOT; };
		9C482508174A5935002D06E8 /* OpenGLES.framework */ = {isa = PBXFileReference; lastKnownFileType = wrapper.framework; name = OpenGLES.framework; path = System/Library/Frameworks/OpenGLES.framework; sourceTree = SDKROOT; };
		9C48250A174A594F002D06E8 /* QuartzCore.framework */ = {isa = PBXFileReference; lastKnownFileType = wrapper.framework; name = QuartzCore.framework; path = System/Library/Frameworks/QuartzCore.framework; sourceTree = SDKROOT; };
		9C49214318C5B7C800029A76 /* DLNavigationController.h */ = {isa = PBXFileReference; fileEncoding = 4; lastKnownFileType = sourcecode.c.h; path = DLNavigationController.h; sourceTree = "<group>"; };
		9C49214418C5B7C800029A76 /* DLNavigationController.m */ = {isa = PBXFileReference; fileEncoding = 4; lastKnownFileType = sourcecode.c.objc; path = DLNavigationController.m; sourceTree = "<group>"; };
		9C49214618C5BCAF00029A76 /* back@2x.png */ = {isa = PBXFileReference; lastKnownFileType = image.png; path = "back@2x.png"; sourceTree = "<group>"; };
		9C49214818C5BD1200029A76 /* DLChartView.h */ = {isa = PBXFileReference; fileEncoding = 4; lastKnownFileType = sourcecode.c.h; path = DLChartView.h; sourceTree = "<group>"; };
		9C49214918C5BD1200029A76 /* DLChartView.m */ = {isa = PBXFileReference; fileEncoding = 4; lastKnownFileType = sourcecode.c.objc; path = DLChartView.m; sourceTree = "<group>"; };
		9C49214F18C5E16600029A76 /* data1@2x.png */ = {isa = PBXFileReference; lastKnownFileType = image.png; path = "data1@2x.png"; sourceTree = "<group>"; };
		9C49215018C5E16600029A76 /* data2@2x.png */ = {isa = PBXFileReference; lastKnownFileType = image.png; path = "data2@2x.png"; sourceTree = "<group>"; };
		9C49215118C5E16600029A76 /* data3@2x.png */ = {isa = PBXFileReference; lastKnownFileType = image.png; path = "data3@2x.png"; sourceTree = "<group>"; };
		9C49215618C7659400029A76 /* RSlideView+PrivateMethods.h */ = {isa = PBXFileReference; fileEncoding = 4; lastKnownFileType = sourcecode.c.h; path = "RSlideView+PrivateMethods.h"; sourceTree = "<group>"; };
		9C49215718C7659400029A76 /* RSlideView.h */ = {isa = PBXFileReference; fileEncoding = 4; lastKnownFileType = sourcecode.c.h; path = RSlideView.h; sourceTree = "<group>"; };
		9C49215818C7659400029A76 /* RSlideView.m */ = {isa = PBXFileReference; fileEncoding = 4; lastKnownFileType = sourcecode.c.objc; path = RSlideView.m; sourceTree = "<group>"; };
		9C49215A18C766C000029A76 /* DLDayDataView.h */ = {isa = PBXFileReference; fileEncoding = 4; lastKnownFileType = sourcecode.c.h; path = DLDayDataView.h; sourceTree = "<group>"; };
		9C49215B18C766C000029A76 /* DLDayDataView.m */ = {isa = PBXFileReference; fileEncoding = 4; lastKnownFileType = sourcecode.c.objc; path = DLDayDataView.m; sourceTree = "<group>"; };
		9C49215D18C7750900029A76 /* DLDayDataView.xib */ = {isa = PBXFileReference; fileEncoding = 4; lastKnownFileType = file.xib; path = DLDayDataView.xib; sourceTree = "<group>"; };
		9C49215F18C777BC00029A76 /* 曲线1@2x.png */ = {isa = PBXFileReference; lastKnownFileType = image.png; path = "曲线1@2x.png"; sourceTree = "<group>"; };
		9C49216018C777BC00029A76 /* 曲线2@2x.png */ = {isa = PBXFileReference; lastKnownFileType = image.png; path = "曲线2@2x.png"; sourceTree = "<group>"; };
		9C49216118C777BC00029A76 /* 曲线3@2x.png */ = {isa = PBXFileReference; lastKnownFileType = image.png; path = "曲线3@2x.png"; sourceTree = "<group>"; };
		9C49216218C777BC00029A76 /* 曲线4@2x.png */ = {isa = PBXFileReference; lastKnownFileType = image.png; path = "曲线4@2x.png"; sourceTree = "<group>"; };
		9C49216318C777BC00029A76 /* 曲线5@2x.png */ = {isa = PBXFileReference; lastKnownFileType = image.png; path = "曲线5@2x.png"; sourceTree = "<group>"; };
		9C49216418C777BC00029A76 /* 曲线6@2x.png */ = {isa = PBXFileReference; lastKnownFileType = image.png; path = "曲线6@2x.png"; sourceTree = "<group>"; };
		9C4F25B618C44F26000BA2AB /* DLSoundPlayer.h */ = {isa = PBXFileReference; fileEncoding = 4; lastKnownFileType = sourcecode.c.h; path = DLSoundPlayer.h; sourceTree = "<group>"; };
		9C4F25B718C44F26000BA2AB /* DLSoundPlayer.m */ = {isa = PBXFileReference; fileEncoding = 4; lastKnownFileType = sourcecode.c.objc; path = DLSoundPlayer.m; sourceTree = "<group>"; };
		9C4F25B918C475BA000BA2AB /* pin@2x.png */ = {isa = PBXFileReference; lastKnownFileType = image.png; path = "pin@2x.png"; sourceTree = "<group>"; };
		9C4F25BB18C4AFDD000BA2AB /* DLDetailDataViewController.h */ = {isa = PBXFileReference; fileEncoding = 4; lastKnownFileType = sourcecode.c.h; path = DLDetailDataViewController.h; sourceTree = "<group>"; };
		9C4F25BC18C4AFDD000BA2AB /* DLDetailDataViewController.m */ = {isa = PBXFileReference; fileEncoding = 4; lastKnownFileType = sourcecode.c.objc; path = DLDetailDataViewController.m; sourceTree = "<group>"; };
		9C4F25BE18C4B811000BA2AB /* DLDataCurveView.h */ = {isa = PBXFileReference; fileEncoding = 4; lastKnownFileType = sourcecode.c.h; path = DLDataCurveView.h; sourceTree = "<group>"; };
		9C4F25BF18C4B811000BA2AB /* DLDataCurveView.m */ = {isa = PBXFileReference; fileEncoding = 4; lastKnownFileType = sourcecode.c.objc; path = DLDataCurveView.m; sourceTree = "<group>"; };
		9C532F2F1860B4B500E391CE /* AudioToolbox.framework */ = {isa = PBXFileReference; lastKnownFileType = wrapper.framework; name = AudioToolbox.framework; path = System/Library/Frameworks/AudioToolbox.framework; sourceTree = SDKROOT; };
		9C5A96141862B85B00C673DB /* iTunesArtwork */ = {isa = PBXFileReference; lastKnownFileType = file; name = iTunesArtwork; path = ../iTunesArtwork; sourceTree = "<group>"; };
		9C5A963518642BB700C673DB /* DLGuideViewController.h */ = {isa = PBXFileReference; fileEncoding = 4; lastKnownFileType = sourcecode.c.h; path = DLGuideViewController.h; sourceTree = "<group>"; };
		9C5A963618642BB700C673DB /* DLGuideViewController.m */ = {isa = PBXFileReference; fileEncoding = 4; lastKnownFileType = sourcecode.c.objc; path = DLGuideViewController.m; sourceTree = "<group>"; };
		9C5B75F818366E5B00943394 /* DLDataRecorder.h */ = {isa = PBXFileReference; fileEncoding = 4; lastKnownFileType = sourcecode.c.h; path = DLDataRecorder.h; sourceTree = "<group>"; };
		9C5B75F918366E5B00943394 /* DLDataRecorder.m */ = {isa = PBXFileReference; fileEncoding = 4; lastKnownFileType = sourcecode.c.objc; path = DLDataRecorder.m; sourceTree = "<group>"; };
		9C5B75FB18366E6B00943394 /* DLDataProvider.h */ = {isa = PBXFileReference; fileEncoding = 4; lastKnownFileType = sourcecode.c.h; path = DLDataProvider.h; sourceTree = "<group>"; };
		9C5B75FC18366E6B00943394 /* DLDataProvider.m */ = {isa = PBXFileReference; fileEncoding = 4; lastKnownFileType = sourcecode.c.objc; path = DLDataProvider.m; sourceTree = "<group>"; };
		9C5B75FF18366F0600943394 /* FMDatabase.h */ = {isa = PBXFileReference; fileEncoding = 4; lastKnownFileType = sourcecode.c.h; path = FMDatabase.h; sourceTree = "<group>"; };
		9C5B760018366F0600943394 /* FMDatabase.m */ = {isa = PBXFileReference; fileEncoding = 4; lastKnownFileType = sourcecode.c.objc; path = FMDatabase.m; sourceTree = "<group>"; };
		9C5B760118366F0600943394 /* FMDatabaseAdditions.h */ = {isa = PBXFileReference; fileEncoding = 4; lastKnownFileType = sourcecode.c.h; path = FMDatabaseAdditions.h; sourceTree = "<group>"; };
		9C5B760218366F0600943394 /* FMDatabaseAdditions.m */ = {isa = PBXFileReference; fileEncoding = 4; lastKnownFileType = sourcecode.c.objc; path = FMDatabaseAdditions.m; sourceTree = "<group>"; };
		9C5B760318366F0600943394 /* FMDatabasePool.h */ = {isa = PBXFileReference; fileEncoding = 4; lastKnownFileType = sourcecode.c.h; path = FMDatabasePool.h; sourceTree = "<group>"; };
		9C5B760418366F0600943394 /* FMDatabasePool.m */ = {isa = PBXFileReference; fileEncoding = 4; lastKnownFileType = sourcecode.c.objc; path = FMDatabasePool.m; sourceTree = "<group>"; };
		9C5B760518366F0600943394 /* FMDatabaseQueue.h */ = {isa = PBXFileReference; fileEncoding = 4; lastKnownFileType = sourcecode.c.h; path = FMDatabaseQueue.h; sourceTree = "<group>"; };
		9C5B760618366F0600943394 /* FMDatabaseQueue.m */ = {isa = PBXFileReference; fileEncoding = 4; lastKnownFileType = sourcecode.c.objc; path = FMDatabaseQueue.m; sourceTree = "<group>"; };
		9C5B760718366F0600943394 /* FMResultSet.h */ = {isa = PBXFileReference; fileEncoding = 4; lastKnownFileType = sourcecode.c.h; path = FMResultSet.h; sourceTree = "<group>"; };
		9C5B760818366F0600943394 /* FMResultSet.m */ = {isa = PBXFileReference; fileEncoding = 4; lastKnownFileType = sourcecode.c.objc; path = FMResultSet.m; sourceTree = "<group>"; };
		9C5B760E18366F1C00943394 /* libsqlite3.0.dylib */ = {isa = PBXFileReference; lastKnownFileType = "compiled.mach-o.dylib"; name = libsqlite3.0.dylib; path = usr/lib/libsqlite3.0.dylib; sourceTree = SDKROOT; };
		9C5C79B217561B9A0066D960 /* Storyboard.storyboard */ = {isa = PBXFileReference; fileEncoding = 4; lastKnownFileType = file.storyboard; path = Storyboard.storyboard; sourceTree = "<group>"; };
		9C5C79B7175621B00066D960 /* en */ = {isa = PBXFileReference; lastKnownFileType = text.plist.strings; name = en; path = en.lproj/Localizable.strings; sourceTree = "<group>"; };
		9C5C79BA175625CF0066D960 /* DLData.h */ = {isa = PBXFileReference; fileEncoding = 4; lastKnownFileType = sourcecode.c.h; path = DLData.h; sourceTree = "<group>"; };
		9C5C79BB175625CF0066D960 /* DLData.m */ = {isa = PBXFileReference; fileEncoding = 4; lastKnownFileType = sourcecode.c.objc; path = DLData.m; sourceTree = "<group>"; };
		9C5C79BE175788CA0066D960 /* SVProgressHUD.bundle */ = {isa = PBXFileReference; lastKnownFileType = "wrapper.plug-in"; path = SVProgressHUD.bundle; sourceTree = "<group>"; };
		9C5C79BF175788CA0066D960 /* SVProgressHUD.h */ = {isa = PBXFileReference; fileEncoding = 4; lastKnownFileType = sourcecode.c.h; path = SVProgressHUD.h; sourceTree = "<group>"; };
		9C5C79C0175788CA0066D960 /* SVProgressHUD.m */ = {isa = PBXFileReference; fileEncoding = 4; lastKnownFileType = sourcecode.c.objc; path = SVProgressHUD.m; sourceTree = "<group>"; };
		9C63737E175FA3E50012C9B5 /* computer.png */ = {isa = PBXFileReference; lastKnownFileType = image.png; path = computer.png; sourceTree = "<group>"; };
		9C6DD69218B112A7005A7E1E /* DLWeeklyAlerm.h */ = {isa = PBXFileReference; fileEncoding = 4; lastKnownFileType = sourcecode.c.h; path = DLWeeklyAlerm.h; sourceTree = "<group>"; };
		9C6DD69318B112A7005A7E1E /* DLWeeklyAlerm.m */ = {isa = PBXFileReference; fileEncoding = 4; lastKnownFileType = sourcecode.c.objc; path = DLWeeklyAlerm.m; sourceTree = "<group>"; };
		9C6DD69518B11AC3005A7E1E /* DLSettingViewController.h */ = {isa = PBXFileReference; fileEncoding = 4; lastKnownFileType = sourcecode.c.h; path = DLSettingViewController.h; sourceTree = "<group>"; };
		9C6DD69618B11AC3005A7E1E /* DLSettingViewController.m */ = {isa = PBXFileReference; fileEncoding = 4; lastKnownFileType = sourcecode.c.objc; path = DLSettingViewController.m; sourceTree = "<group>"; };
		9C6DD69818B11B25005A7E1E /* lighting@2x.png */ = {isa = PBXFileReference; lastKnownFileType = image.png; path = "lighting@2x.png"; sourceTree = "<group>"; };
		9C6DD69918B11B25005A7E1E /* phase@2x.png */ = {isa = PBXFileReference; lastKnownFileType = image.png; path = "phase@2x.png"; sourceTree = "<group>"; };
		9C6DD69A18B11B25005A7E1E /* sound@2x.png */ = {isa = PBXFileReference; lastKnownFileType = image.png; path = "sound@2x.png"; sourceTree = "<group>"; };
		9C7A95E0188D14F2006643D8 /* AVOSCloud.framework */ = {isa = PBXFileReference; lastKnownFileType = wrapper.framework; path = AVOSCloud.framework; sourceTree = "<group>"; };
		9C7A95E2188D1541006643D8 /* MobileCoreServices.framework */ = {isa = PBXFileReference; lastKnownFileType = wrapper.framework; name = MobileCoreServices.framework; path = System/Library/Frameworks/MobileCoreServices.framework; sourceTree = SDKROOT; };
		9C7A95E4188D154C006643D8 /* CFNetwork.framework */ = {isa = PBXFileReference; lastKnownFileType = wrapper.framework; name = CFNetwork.framework; path = System/Library/Frameworks/CFNetwork.framework; sourceTree = SDKROOT; };
		9C7A95E6188D155C006643D8 /* CoreTelephony.framework */ = {isa = PBXFileReference; lastKnownFileType = wrapper.framework; name = CoreTelephony.framework; path = System/Library/Frameworks/CoreTelephony.framework; sourceTree = SDKROOT; };
		9C7A95E8188D1566006643D8 /* CoreLocation.framework */ = {isa = PBXFileReference; lastKnownFileType = wrapper.framework; name = CoreLocation.framework; path = System/Library/Frameworks/CoreLocation.framework; sourceTree = SDKROOT; };
		9C7A95EA188D158F006643D8 /* SystemConfiguration.framework */ = {isa = PBXFileReference; lastKnownFileType = wrapper.framework; name = SystemConfiguration.framework; path = System/Library/Frameworks/SystemConfiguration.framework; sourceTree = SDKROOT; };
		9C7A95EC188D1777006643D8 /* AVOSCloudSNS.framework */ = {isa = PBXFileReference; lastKnownFileType = wrapper.framework; path = AVOSCloudSNS.framework; sourceTree = "<group>"; };
		9C7A964C188D1BB1006643D8 /* MessageUI.framework */ = {isa = PBXFileReference; lastKnownFileType = wrapper.framework; name = MessageUI.framework; path = System/Library/Frameworks/MessageUI.framework; sourceTree = SDKROOT; };
		9C7A964E188D1BFB006643D8 /* libz.1.2.5.dylib */ = {isa = PBXFileReference; lastKnownFileType = "compiled.mach-o.dylib"; name = libz.1.2.5.dylib; path = usr/lib/libz.1.2.5.dylib; sourceTree = SDKROOT; };
		9C7A9650188D1C3A006643D8 /* libicucore.dylib */ = {isa = PBXFileReference; lastKnownFileType = "compiled.mach-o.dylib"; name = libicucore.dylib; path = usr/lib/libicucore.dylib; sourceTree = SDKROOT; };
		9C7A9652188D21BA006643D8 /* DLUser.h */ = {isa = PBXFileReference; fileEncoding = 4; lastKnownFileType = sourcecode.c.h; path = DLUser.h; sourceTree = "<group>"; };
		9C7A9653188D21BA006643D8 /* DLUser.m */ = {isa = PBXFileReference; fileEncoding = 4; lastKnownFileType = sourcecode.c.objc; path = DLUser.m; sourceTree = "<group>"; };
		9C7A9655188D3544006643D8 /* SDWebImage.framework */ = {isa = PBXFileReference; lastKnownFileType = wrapper.framework; path = SDWebImage.framework; sourceTree = "<group>"; };
		9C7A9657188D3619006643D8 /* ImageIO.framework */ = {isa = PBXFileReference; lastKnownFileType = wrapper.framework; name = ImageIO.framework; path = System/Library/Frameworks/ImageIO.framework; sourceTree = SDKROOT; };
		9C7A9659188D3777006643D8 /* NSUserDefaults+Settings.h */ = {isa = PBXFileReference; fileEncoding = 4; lastKnownFileType = sourcecode.c.h; path = "NSUserDefaults+Settings.h"; sourceTree = "<group>"; };
		9C7A965A188D3777006643D8 /* NSUserDefaults+Settings.m */ = {isa = PBXFileReference; fileEncoding = 4; lastKnownFileType = sourcecode.c.objc; path = "NSUserDefaults+Settings.m"; sourceTree = "<group>"; };
		9C7C210B1869BC5C00F2B2EA /* DLSignUpViewController.h */ = {isa = PBXFileReference; fileEncoding = 4; lastKnownFileType = sourcecode.c.h; path = DLSignUpViewController.h; sourceTree = "<group>"; };
		9C7C210C1869BC5C00F2B2EA /* DLSignUpViewController.m */ = {isa = PBXFileReference; fileEncoding = 4; lastKnownFileType = sourcecode.c.objc; path = DLSignUpViewController.m; sourceTree = "<group>"; };
		9C7C210E1869C58F00F2B2EA /* DLCustomPlaceholderColorTextField.h */ = {isa = PBXFileReference; fileEncoding = 4; lastKnownFileType = sourcecode.c.h; path = DLCustomPlaceholderColorTextField.h; sourceTree = "<group>"; };
		9C7C210F1869C58F00F2B2EA /* DLCustomPlaceholderColorTextField.m */ = {isa = PBXFileReference; fileEncoding = 4; lastKnownFileType = sourcecode.c.objc; path = DLCustomPlaceholderColorTextField.m; sourceTree = "<group>"; };
		9C7C21111869C82600F2B2EA /* DLDateField.h */ = {isa = PBXFileReference; fileEncoding = 4; lastKnownFileType = sourcecode.c.h; path = DLDateField.h; sourceTree = "<group>"; };
		9C7C21121869C82600F2B2EA /* DLDateField.m */ = {isa = PBXFileReference; fileEncoding = 4; lastKnownFileType = sourcecode.c.objc; path = DLDateField.m; sourceTree = "<group>"; };
		9C7C21141869CA9A00F2B2EA /* DLOptionField.h */ = {isa = PBXFileReference; fileEncoding = 4; lastKnownFileType = sourcecode.c.h; path = DLOptionField.h; sourceTree = "<group>"; };
		9C7C21151869CA9A00F2B2EA /* DLOptionField.m */ = {isa = PBXFileReference; fileEncoding = 4; lastKnownFileType = sourcecode.c.objc; path = DLOptionField.m; sourceTree = "<group>"; };
		9C9AFF2F176F6A5700C11C99 /* CorePlot.framework */ = {isa = PBXFileReference; lastKnownFileType = wrapper.framework; path = CorePlot.framework; sourceTree = "<group>"; };
		9C9B213D18B8DE12009D233E /* charger@2x.png */ = {isa = PBXFileReference; lastKnownFileType = image.png; path = "charger@2x.png"; sourceTree = "<group>"; };
		9C9B213E18B8DE12009D233E /* cross@2x.png */ = {isa = PBXFileReference; lastKnownFileType = image.png; path = "cross@2x.png"; sourceTree = "<group>"; };
		9C9B213F18B8DE12009D233E /* tick@2x.png */ = {isa = PBXFileReference; lastKnownFileType = image.png; path = "tick@2x.png"; sourceTree = "<group>"; };
		9C9B214318B9057A009D233E /* UIView+DL.h */ = {isa = PBXFileReference; fileEncoding = 4; lastKnownFileType = sourcecode.c.h; path = "UIView+DL.h"; sourceTree = "<group>"; };
		9C9B214418B9057A009D233E /* UIView+DL.m */ = {isa = PBXFileReference; fileEncoding = 4; lastKnownFileType = sourcecode.c.objc; path = "UIView+DL.m"; sourceTree = "<group>"; };
		9C9B214618B905EC009D233E /* DLStartViewController.h */ = {isa = PBXFileReference; fileEncoding = 4; lastKnownFileType = sourcecode.c.h; path = DLStartViewController.h; sourceTree = "<group>"; };
		9C9B214718B905EC009D233E /* DLStartViewController.m */ = {isa = PBXFileReference; fileEncoding = 4; lastKnownFileType = sourcecode.c.objc; path = DLStartViewController.m; sourceTree = "<group>"; };
		9C9B214918B90AA9009D233E /* slide@2x.png */ = {isa = PBXFileReference; lastKnownFileType = image.png; path = "slide@2x.png"; sourceTree = "<group>"; };
		9C9B214B18B9106B009D233E /* clock-tiny@2x.png */ = {isa = PBXFileReference; lastKnownFileType = image.png; path = "clock-tiny@2x.png"; sourceTree = "<group>"; };
		9C9D5F04184F4396006D01BC /* AVFoundation.framework */ = {isa = PBXFileReference; lastKnownFileType = wrapper.framework; name = AVFoundation.framework; path = System/Library/Frameworks/AVFoundation.framework; sourceTree = SDKROOT; };
		9CA0DF8717A2AA4E00037063 /* LEDDevice.h */ = {isa = PBXFileReference; fileEncoding = 4; lastKnownFileType = sourcecode.c.h; path = LEDDevice.h; sourceTree = "<group>"; };
		9CA0DF8817A2AA4E00037063 /* LEDDevice.m */ = {isa = PBXFileReference; fileEncoding = 4; lastKnownFileType = sourcecode.c.objc; path = LEDDevice.m; sourceTree = "<group>"; };
		9CA0DF8A17A2AA7B00037063 /* LEDFinder.h */ = {isa = PBXFileReference; fileEncoding = 4; lastKnownFileType = sourcecode.c.h; path = LEDFinder.h; sourceTree = "<group>"; };
		9CA0DF8B17A2AA7B00037063 /* LEDFinder.m */ = {isa = PBXFileReference; fileEncoding = 4; lastKnownFileType = sourcecode.c.objc; path = LEDFinder.m; sourceTree = "<group>"; };
		9CA0DF8D17A2AAA700037063 /* LEDController.h */ = {isa = PBXFileReference; fileEncoding = 4; lastKnownFileType = sourcecode.c.h; path = LEDController.h; sourceTree = "<group>"; };
		9CA0DF8E17A2AAA700037063 /* LEDController.m */ = {isa = PBXFileReference; fileEncoding = 4; lastKnownFileType = sourcecode.c.objc; path = LEDController.m; sourceTree = "<group>"; };
		9CA0DF9017A2AABC00037063 /* LEDKit.h */ = {isa = PBXFileReference; fileEncoding = 4; lastKnownFileType = sourcecode.c.h; path = LEDKit.h; sourceTree = "<group>"; };
		9CAAF1C51869EFB700C666D2 /* background@2x.png */ = {isa = PBXFileReference; lastKnownFileType = image.png; path = "background@2x.png"; sourceTree = "<group>"; };
		9CAAF1C61869EFB700C666D2 /* Default-568h@2x.png */ = {isa = PBXFileReference; lastKnownFileType = image.png; path = "Default-568h@2x.png"; sourceTree = "<group>"; };
		9CAAF1C71869EFB700C666D2 /* Default.png */ = {isa = PBXFileReference; lastKnownFileType = image.png; path = Default.png; sourceTree = "<group>"; };
		9CAAF1C81869EFB700C666D2 /* Default@2x.png */ = {isa = PBXFileReference; lastKnownFileType = image.png; path = "Default@2x.png"; sourceTree = "<group>"; };
		9CAAF1C91869EFB700C666D2 /* DreamColor logo@2x.png */ = {isa = PBXFileReference; lastKnownFileType = image.png; path = "DreamColor logo@2x.png"; sourceTree = "<group>"; };
		9CAAF1CA1869EFB700C666D2 /* email@2x.png */ = {isa = PBXFileReference; lastKnownFileType = image.png; path = "email@2x.png"; sourceTree = "<group>"; };
		9CAAF1CB1869EFB700C666D2 /* Icon-120@2x.png */ = {isa = PBXFileReference; lastKnownFileType = image.png; path = "Icon-120@2x.png"; sourceTree = "<group>"; };
		9CAAF1CC1869EFB700C666D2 /* Icon.png */ = {isa = PBXFileReference; lastKnownFileType = image.png; path = Icon.png; sourceTree = "<group>"; };
		9CAAF1CD1869EFB700C666D2 /* Icon@2x.png */ = {isa = PBXFileReference; lastKnownFileType = image.png; path = "Icon@2x.png"; sourceTree = "<group>"; };
		9CAAF1CE1869EFB700C666D2 /* nav@2x.png */ = {isa = PBXFileReference; lastKnownFileType = image.png; path = "nav@2x.png"; sourceTree = "<group>"; };
		9CAAF1CF1869EFB700C666D2 /* password@2x.png */ = {isa = PBXFileReference; lastKnownFileType = image.png; path = "password@2x.png"; sourceTree = "<group>"; };
		9CAAF1D01869EFB700C666D2 /* photo@2x.png */ = {isa = PBXFileReference; lastKnownFileType = image.png; path = "photo@2x.png"; sourceTree = "<group>"; };
		9CAAF1D11869EFB700C666D2 /* start.caf */ = {isa = PBXFileReference; lastKnownFileType = file; path = start.caf; sourceTree = "<group>"; };
		9CAAF1D21869EFB700C666D2 /* wechat@2x.png */ = {isa = PBXFileReference; lastKnownFileType = image.png; path = "wechat@2x.png"; sourceTree = "<group>"; };
		9CAAF1D31869EFB700C666D2 /* weibo@2x.png */ = {isa = PBXFileReference; lastKnownFileType = image.png; path = "weibo@2x.png"; sourceTree = "<group>"; };
		9CAAF1D41869EFB700C666D2 /* WT Background1@2x.jpg */ = {isa = PBXFileReference; lastKnownFileType = image.jpeg; path = "WT Background1@2x.jpg"; sourceTree = "<group>"; };
		9CAAF1D51869EFB700C666D2 /* WT Background2@2x.jpg */ = {isa = PBXFileReference; lastKnownFileType = image.jpeg; path = "WT Background2@2x.jpg"; sourceTree = "<group>"; };
		9CAAF1D61869EFB700C666D2 /* WT Background3@2x.jpg */ = {isa = PBXFileReference; lastKnownFileType = image.jpeg; path = "WT Background3@2x.jpg"; sourceTree = "<group>"; };
		9CAAF1E91869F32900C666D2 /* DLSignInViewController.h */ = {isa = PBXFileReference; fileEncoding = 4; lastKnownFileType = sourcecode.c.h; path = DLSignInViewController.h; sourceTree = "<group>"; };
		9CAAF1EA1869F32900C666D2 /* DLSignInViewController.m */ = {isa = PBXFileReference; fileEncoding = 4; lastKnownFileType = sourcecode.c.objc; path = DLSignInViewController.m; sourceTree = "<group>"; };
		9CB2CCCB175B4B5500E10072 /* libBTstack.a */ = {isa = PBXFileReference; lastKnownFileType = archive.ar; path = libBTstack.a; sourceTree = "<group>"; };
		9CBD2CA9173F4464001FFAE0 /* DreamLand.app */ = {isa = PBXFileReference; explicitFileType = wrapper.application; includeInIndex = 0; path = DreamLand.app; sourceTree = BUILT_PRODUCTS_DIR; };
		9CBD2CAC173F4464001FFAE0 /* UIKit.framework */ = {isa = PBXFileReference; lastKnownFileType = wrapper.framework; name = UIKit.framework; path = System/Library/Frameworks/UIKit.framework; sourceTree = SDKROOT; };
		9CBD2CAE173F4464001FFAE0 /* Foundation.framework */ = {isa = PBXFileReference; lastKnownFileType = wrapper.framework; name = Foundation.framework; path = System/Library/Frameworks/Foundation.framework; sourceTree = SDKROOT; };
		9CBD2CB0173F4464001FFAE0 /* CoreGraphics.framework */ = {isa = PBXFileReference; lastKnownFileType = wrapper.framework; name = CoreGraphics.framework; path = System/Library/Frameworks/CoreGraphics.framework; sourceTree = SDKROOT; };
		9CBD2CB4173F4464001FFAE0 /* DreamLand-Info.plist */ = {isa = PBXFileReference; lastKnownFileType = text.plist.xml; path = "DreamLand-Info.plist"; sourceTree = "<group>"; };
		9CBD2CB6173F4464001FFAE0 /* en */ = {isa = PBXFileReference; lastKnownFileType = text.plist.strings; name = en; path = en.lproj/InfoPlist.strings; sourceTree = "<group>"; };
		9CBD2CB8173F4464001FFAE0 /* main.m */ = {isa = PBXFileReference; lastKnownFileType = sourcecode.c.objc; path = main.m; sourceTree = "<group>"; };
		9CBD2CBA173F4464001FFAE0 /* DreamLand-Prefix.pch */ = {isa = PBXFileReference; lastKnownFileType = sourcecode.c.h; path = "DreamLand-Prefix.pch"; sourceTree = "<group>"; };
		9CBD2CBB173F4464001FFAE0 /* DLAppDelegate.h */ = {isa = PBXFileReference; lastKnownFileType = sourcecode.c.h; path = DLAppDelegate.h; sourceTree = "<group>"; };
		9CBD2CBC173F4464001FFAE0 /* DLAppDelegate.m */ = {isa = PBXFileReference; lastKnownFileType = sourcecode.c.objc; path = DLAppDelegate.m; sourceTree = "<group>"; };
		9CBD2CC7173F4464001FFAE0 /* DLViewController.h */ = {isa = PBXFileReference; lastKnownFileType = sourcecode.c.h; path = DLViewController.h; sourceTree = "<group>"; };
		9CBD2CC8173F4464001FFAE0 /* DLViewController.m */ = {isa = PBXFileReference; lastKnownFileType = sourcecode.c.objc; path = DLViewController.m; sourceTree = "<group>"; };
		9CC3D437175EE6E0009AB5CA /* bluetooth.png */ = {isa = PBXFileReference; lastKnownFileType = image.png; path = bluetooth.png; sourceTree = "<group>"; };
		9CC3D44F175EE6E0009AB5CA /* keyboard.png */ = {isa = PBXFileReference; lastKnownFileType = image.png; path = keyboard.png; sourceTree = "<group>"; };
		9CC3D454175EE6E0009AB5CA /* smartphone.png */ = {isa = PBXFileReference; lastKnownFileType = image.png; path = smartphone.png; sourceTree = "<group>"; };
		9CC3D460175EE732009AB5CA /* RTPulseWaveView.h */ = {isa = PBXFileReference; fileEncoding = 4; lastKnownFileType = sourcecode.c.h; path = RTPulseWaveView.h; sourceTree = "<group>"; };
		9CC3D461175EE732009AB5CA /* RTPulseWaveView.m */ = {isa = PBXFileReference; fileEncoding = 4; lastKnownFileType = sourcecode.c.objc; path = RTPulseWaveView.m; sourceTree = "<group>"; };
		9CC3D463175EE7BA009AB5CA /* BTDevice.h */ = {isa = PBXFileReference; fileEncoding = 4; lastKnownFileType = sourcecode.c.h; path = BTDevice.h; sourceTree = "<group>"; };
		9CC3D464175EE7BA009AB5CA /* BTDiscoveryViewController.h */ = {isa = PBXFileReference; fileEncoding = 4; lastKnownFileType = sourcecode.c.h; path = BTDiscoveryViewController.h; sourceTree = "<group>"; };
		9CC3D465175EE7BA009AB5CA /* BTInquiryViewController.h */ = {isa = PBXFileReference; fileEncoding = 4; lastKnownFileType = sourcecode.c.h; path = BTInquiryViewController.h; sourceTree = "<group>"; };
		9CC3D466175EE7BA009AB5CA /* BTStackManager.h */ = {isa = PBXFileReference; fileEncoding = 4; lastKnownFileType = sourcecode.c.h; path = BTStackManager.h; sourceTree = "<group>"; };
		9CC3D469175EEBDD009AB5CA /* DLHistoryListViewController.h */ = {isa = PBXFileReference; fileEncoding = 4; lastKnownFileType = sourcecode.c.h; path = DLHistoryListViewController.h; sourceTree = "<group>"; };
		9CC3D46A175EEBDD009AB5CA /* DLHistoryListViewController.m */ = {isa = PBXFileReference; fileEncoding = 4; lastKnownFileType = sourcecode.c.objc; path = DLHistoryListViewController.m; sourceTree = "<group>"; };
		9CCF8860175101E700B1D838 /* ant_cmds.h */ = {isa = PBXFileReference; fileEncoding = 4; lastKnownFileType = sourcecode.c.h; path = ant_cmds.h; sourceTree = "<group>"; };
		9CCF8861175101E700B1D838 /* btstack.h */ = {isa = PBXFileReference; fileEncoding = 4; lastKnownFileType = sourcecode.c.h; path = btstack.h; sourceTree = "<group>"; };
		9CCF8862175101E700B1D838 /* config.h */ = {isa = PBXFileReference; fileEncoding = 4; lastKnownFileType = sourcecode.c.h; path = config.h; sourceTree = "<group>"; };
		9CCF8863175101E700B1D838 /* hal_cpu.h */ = {isa = PBXFileReference; fileEncoding = 4; lastKnownFileType = sourcecode.c.h; path = hal_cpu.h; sourceTree = "<group>"; };
		9CCF8864175101E700B1D838 /* hal_tick.h */ = {isa = PBXFileReference; fileEncoding = 4; lastKnownFileType = sourcecode.c.h; path = hal_tick.h; sourceTree = "<group>"; };
		9CCF8865175101E700B1D838 /* hal_uart_dma.h */ = {isa = PBXFileReference; fileEncoding = 4; lastKnownFileType = sourcecode.c.h; path = hal_uart_dma.h; sourceTree = "<group>"; };
		9CCF8866175101E700B1D838 /* hci_cmds.h */ = {isa = PBXFileReference; fileEncoding = 4; lastKnownFileType = sourcecode.c.h; path = hci_cmds.h; sourceTree = "<group>"; };
		9CCF8867175101E700B1D838 /* linked_list.h */ = {isa = PBXFileReference; fileEncoding = 4; lastKnownFileType = sourcecode.c.h; path = linked_list.h; sourceTree = "<group>"; };
		9CCF8868175101E700B1D838 /* memory_pool.h */ = {isa = PBXFileReference; fileEncoding = 4; lastKnownFileType = sourcecode.c.h; path = memory_pool.h; sourceTree = "<group>"; };
		9CCF8869175101E700B1D838 /* run_loop.h */ = {isa = PBXFileReference; fileEncoding = 4; lastKnownFileType = sourcecode.c.h; path = run_loop.h; sourceTree = "<group>"; };
		9CCF886A175101E700B1D838 /* sdp_util.h */ = {isa = PBXFileReference; fileEncoding = 4; lastKnownFileType = sourcecode.c.h; path = sdp_util.h; sourceTree = "<group>"; };
		9CCF886B175101E700B1D838 /* utils.h */ = {isa = PBXFileReference; fileEncoding = 4; lastKnownFileType = sourcecode.c.h; path = utils.h; sourceTree = "<group>"; };
		9CD121821871826900612DD8 /* alam@2x.png */ = {isa = PBXFileReference; lastKnownFileType = image.png; path = "alam@2x.png"; sourceTree = "<group>"; };
		9CD121831871826900612DD8 /* data@2x.png */ = {isa = PBXFileReference; lastKnownFileType = image.png; path = "data@2x.png"; sourceTree = "<group>"; };
		9CD121841871826900612DD8 /* location@2x.png */ = {isa = PBXFileReference; lastKnownFileType = image.png; path = "location@2x.png"; sourceTree = "<group>"; };
		9CD121851871826900612DD8 /* nev bg@2x.png */ = {isa = PBXFileReference; lastKnownFileType = image.png; path = "nev bg@2x.png"; sourceTree = "<group>"; };
		9CD121861871826900612DD8 /* setting@2x.png */ = {isa = PBXFileReference; lastKnownFileType = image.png; path = "setting@2x.png"; sourceTree = "<group>"; };
		9CD1218C1871844E00612DD8 /* big dot@2x.png */ = {isa = PBXFileReference; lastKnownFileType = image.png; path = "big dot@2x.png"; sourceTree = "<group>"; };
		9CD1218D1871844E00612DD8 /* music off@2x.png */ = {isa = PBXFileReference; lastKnownFileType = image.png; path = "music off@2x.png"; sourceTree = "<group>"; };
		9CD1218E1871844E00612DD8 /* music on@2x.png */ = {isa = PBXFileReference; lastKnownFileType = image.png; path = "music on@2x.png"; sourceTree = "<group>"; };
		9CD1218F1871844E00612DD8 /* small dot@2x.png */ = {isa = PBXFileReference; lastKnownFileType = image.png; path = "small dot@2x.png"; sourceTree = "<group>"; };
		9CD121901871844E00612DD8 /* start bg@2x.png */ = {isa = PBXFileReference; lastKnownFileType = image.png; path = "start bg@2x.png"; sourceTree = "<group>"; };
		9CD121971871848700612DD8 /* RTNavigationController.h */ = {isa = PBXFileReference; fileEncoding = 4; lastKnownFileType = sourcecode.c.h; path = RTNavigationController.h; sourceTree = "<group>"; };
		9CD121981871848700612DD8 /* RTNavigationController.m */ = {isa = PBXFileReference; fileEncoding = 4; lastKnownFileType = sourcecode.c.objc; path = RTNavigationController.m; sourceTree = "<group>"; };
		9CD121991871848700612DD8 /* RTSiderViewController.h */ = {isa = PBXFileReference; fileEncoding = 4; lastKnownFileType = sourcecode.c.h; path = RTSiderViewController.h; sourceTree = "<group>"; };
		9CD1219A1871848700612DD8 /* RTSiderViewController.m */ = {isa = PBXFileReference; fileEncoding = 4; lastKnownFileType = sourcecode.c.objc; path = RTSiderViewController.m; sourceTree = "<group>"; };
		9CD1219D187184CC00612DD8 /* DLSiderViewController.h */ = {isa = PBXFileReference; fileEncoding = 4; lastKnownFileType = sourcecode.c.h; path = DLSiderViewController.h; sourceTree = "<group>"; };
		9CD1219E187184CC00612DD8 /* DLSiderViewController.m */ = {isa = PBXFileReference; fileEncoding = 4; lastKnownFileType = sourcecode.c.objc; path = DLSiderViewController.m; sourceTree = "<group>"; };
		9CD121A21871898100612DD8 /* DLAlarmViewController.h */ = {isa = PBXFileReference; fileEncoding = 4; lastKnownFileType = sourcecode.c.h; path = DLAlarmViewController.h; sourceTree = "<group>"; };
		9CD121A31871898100612DD8 /* DLAlarmViewController.m */ = {isa = PBXFileReference; fileEncoding = 4; lastKnownFileType = sourcecode.c.objc; path = DLAlarmViewController.m; sourceTree = "<group>"; };
		9CD121A518718CCE00612DD8 /* none@2x.png */ = {isa = PBXFileReference; lastKnownFileType = image.png; path = "none@2x.png"; sourceTree = "<group>"; };
		9CD121A7187191F500612DD8 /* DLLeftPanelViewController.h */ = {isa = PBXFileReference; fileEncoding = 4; lastKnownFileType = sourcecode.c.h; path = DLLeftPanelViewController.h; sourceTree = "<group>"; };
		9CD121A8187191F500612DD8 /* DLLeftPanelViewController.m */ = {isa = PBXFileReference; fileEncoding = 4; lastKnownFileType = sourcecode.c.objc; path = DLLeftPanelViewController.m; sourceTree = "<group>"; };
		9CD121AA1871A0AF00612DD8 /* DLDialPlate.h */ = {isa = PBXFileReference; fileEncoding = 4; lastKnownFileType = sourcecode.c.h; path = DLDialPlate.h; sourceTree = "<group>"; };
		9CD121AB1871A0AF00612DD8 /* DLDialPlate.m */ = {isa = PBXFileReference; fileEncoding = 4; lastKnownFileType = sourcecode.c.objc; path = DLDialPlate.m; sourceTree = "<group>"; };
		9CEB417218C311F70009AC82 /* DLAlarm.h */ = {isa = PBXFileReference; fileEncoding = 4; lastKnownFileType = sourcecode.c.h; path = DLAlarm.h; sourceTree = "<group>"; };
		9CEB417318C311F70009AC82 /* DLAlarm.m */ = {isa = PBXFileReference; fileEncoding = 4; lastKnownFileType = sourcecode.c.objc; path = DLAlarm.m; sourceTree = "<group>"; };
		9CEB417518C317450009AC82 /* alarm_sound_1.mp3 */ = {isa = PBXFileReference; lastKnownFileType = audio.mp3; path = alarm_sound_1.mp3; sourceTree = "<group>"; };
		9CF9DE10187294BE002D45C9 /* DLTimePlate.h */ = {isa = PBXFileReference; fileEncoding = 4; lastKnownFileType = sourcecode.c.h; path = DLTimePlate.h; sourceTree = "<group>"; };
		9CF9DE11187294BE002D45C9 /* DLTimePlate.m */ = {isa = PBXFileReference; fileEncoding = 4; lastKnownFileType = sourcecode.c.objc; path = DLTimePlate.m; sourceTree = "<group>"; };
		9CF9DE1318729D73002D45C9 /* circle@2x.png */ = {isa = PBXFileReference; lastKnownFileType = image.png; path = "circle@2x.png"; sourceTree = "<group>"; };
		9CF9DE151872A12A002D45C9 /* menu@2x.png */ = {isa = PBXFileReference; lastKnownFileType = image.png; path = "menu@2x.png"; sourceTree = "<group>"; };
		9CF9DE171872A23E002D45C9 /* NSDate+RExtension.h */ = {isa = PBXFileReference; fileEncoding = 4; lastKnownFileType = sourcecode.c.h; path = "NSDate+RExtension.h"; sourceTree = "<group>"; };
		9CF9DE181872A23E002D45C9 /* NSDate+RExtension.m */ = {isa = PBXFileReference; fileEncoding = 4; lastKnownFileType = sourcecode.c.objc; path = "NSDate+RExtension.m"; sourceTree = "<group>"; };
		9CF9DE1A1872ACAE002D45C9 /* circle-shadow@2x.png */ = {isa = PBXFileReference; lastKnownFileType = image.png; path = "circle-shadow@2x.png"; sourceTree = "<group>"; };
/* End PBXFileReference section */

/* Begin PBXFrameworksBuildPhase section */
		9CBD2CA6173F4464001FFAE0 /* Frameworks */ = {
			isa = PBXFrameworksBuildPhase;
			buildActionMask = 2147483647;
			files = (
				9C7A9658188D3619006643D8 /* ImageIO.framework in Frameworks */,
				9C7A9651188D1C3A006643D8 /* libicucore.dylib in Frameworks */,
				9C7A964F188D1BFB006643D8 /* libz.1.2.5.dylib in Frameworks */,
				9C7A964D188D1BB1006643D8 /* MessageUI.framework in Frameworks */,
				9C7A95EB188D158F006643D8 /* SystemConfiguration.framework in Frameworks */,
				9C7A95E9188D1566006643D8 /* CoreLocation.framework in Frameworks */,
				9C7A95E7188D155C006643D8 /* CoreTelephony.framework in Frameworks */,
				9C7A95E5188D154C006643D8 /* CFNetwork.framework in Frameworks */,
				9C7A95E3188D1541006643D8 /* MobileCoreServices.framework in Frameworks */,
				9C532F301860B4B500E391CE /* AudioToolbox.framework in Frameworks */,
				9C9D5F05184F4396006D01BC /* AVFoundation.framework in Frameworks */,
				9C5B760F18366F1C00943394 /* libsqlite3.0.dylib in Frameworks */,
				9C9AFF30176F6A5700C11C99 /* CorePlot.framework in Frameworks */,
				9C48250E174A655C002D06E8 /* QuartzCore.framework in Frameworks */,
				9C7A9656188D3544006643D8 /* SDWebImage.framework in Frameworks */,
				9C482509174A5935002D06E8 /* OpenGLES.framework in Frameworks */,
				9C7A95ED188D1777006643D8 /* AVOSCloudSNS.framework in Frameworks */,
				9C7A95E1188D14F2006643D8 /* AVOSCloud.framework in Frameworks */,
				9C4824BF17462FF6002D06E8 /* CoreMotion.framework in Frameworks */,
				9CBD2CAD173F4464001FFAE0 /* UIKit.framework in Frameworks */,
				9CBD2CAF173F4464001FFAE0 /* Foundation.framework in Frameworks */,
				9CBD2CB1173F4464001FFAE0 /* CoreGraphics.framework in Frameworks */,
			);
			runOnlyForDeploymentPostprocessing = 0;
		};
/* End PBXFrameworksBuildPhase section */

/* Begin PBXGroup section */
		9C189562186D5C730013263D /* RAutoTextField */ = {
			isa = PBXGroup;
			children = (
				9C189563186D5C730013263D /* RAutoTextField.h */,
				9C189564186D5C730013263D /* RAutoTextField.m */,
			);
			path = RAutoTextField;
			sourceTree = "<group>";
		};
		9C37678218C065DF009CFE12 /* YahooWeather */ = {
			isa = PBXGroup;
			children = (
				9C37678318C06629009CFE12 /* YHWeather.h */,
				9C37678418C06629009CFE12 /* YHWeather.m */,
			);
			path = YahooWeather;
			sourceTree = "<group>";
		};
		9C49215518C7659400029A76 /* RSlideView */ = {
			isa = PBXGroup;
			children = (
				9C49215618C7659400029A76 /* RSlideView+PrivateMethods.h */,
				9C49215718C7659400029A76 /* RSlideView.h */,
				9C49215818C7659400029A76 /* RSlideView.m */,
			);
			path = RSlideView;
			sourceTree = "<group>";
		};
		9C5B75FE18366F0600943394 /* FMDB */ = {
			isa = PBXGroup;
			children = (
				9C5B75FF18366F0600943394 /* FMDatabase.h */,
				9C5B760018366F0600943394 /* FMDatabase.m */,
				9C5B760118366F0600943394 /* FMDatabaseAdditions.h */,
				9C5B760218366F0600943394 /* FMDatabaseAdditions.m */,
				9C5B760318366F0600943394 /* FMDatabasePool.h */,
				9C5B760418366F0600943394 /* FMDatabasePool.m */,
				9C5B760518366F0600943394 /* FMDatabaseQueue.h */,
				9C5B760618366F0600943394 /* FMDatabaseQueue.m */,
				9C5B760718366F0600943394 /* FMResultSet.h */,
				9C5B760818366F0600943394 /* FMResultSet.m */,
			);
			path = FMDB;
			sourceTree = "<group>";
		};
		9C5C79BD175788CA0066D960 /* SVProgressHUD */ = {
			isa = PBXGroup;
			children = (
				9C5C79BE175788CA0066D960 /* SVProgressHUD.bundle */,
				9C5C79BF175788CA0066D960 /* SVProgressHUD.h */,
				9C5C79C0175788CA0066D960 /* SVProgressHUD.m */,
			);
			path = SVProgressHUD;
			sourceTree = "<group>";
		};
		9CA0DF8617A2AA1D00037063 /* LEDKit */ = {
			isa = PBXGroup;
			children = (
				9CA0DF8717A2AA4E00037063 /* LEDDevice.h */,
				9CA0DF8817A2AA4E00037063 /* LEDDevice.m */,
				9CA0DF8A17A2AA7B00037063 /* LEDFinder.h */,
				9CA0DF8B17A2AA7B00037063 /* LEDFinder.m */,
				9CA0DF8D17A2AAA700037063 /* LEDController.h */,
				9CA0DF8E17A2AAA700037063 /* LEDController.m */,
				9CA0DF9017A2AABC00037063 /* LEDKit.h */,
			);
			path = LEDKit;
			sourceTree = "<group>";
		};
		9CAAF1C41869EFB700C666D2 /* Resources */ = {
			isa = PBXGroup;
			children = (
				9CD121821871826900612DD8 /* alam@2x.png */,
				9CEB417518C317450009AC82 /* alarm_sound_1.mp3 */,
				9C49214618C5BCAF00029A76 /* back@2x.png */,
				9CAAF1C51869EFB700C666D2 /* background@2x.png */,
				9CD1218C1871844E00612DD8 /* big dot@2x.png */,
				9C9B213D18B8DE12009D233E /* charger@2x.png */,
				9C287C6D187B0F7E00934786 /* circle-big-shadow@2x.png */,
				9C287C6E187B0F7E00934786 /* circle-big@2x.png */,
				9CF9DE1A1872ACAE002D45C9 /* circle-shadow@2x.png */,
				9C287C6F187B0F7E00934786 /* circle-small-shadow@2x.png */,
				9C287C70187B0F7E00934786 /* circle-small@2x.png */,
				9CF9DE1318729D73002D45C9 /* circle@2x.png */,
				9C9B214B18B9106B009D233E /* clock-tiny@2x.png */,
				9C9B213E18B8DE12009D233E /* cross@2x.png */,
				9C287C78187B2E5100934786 /* data-bg@2x.png */,
				9C49214F18C5E16600029A76 /* data1@2x.png */,
				9C49215018C5E16600029A76 /* data2@2x.png */,
				9C49215118C5E16600029A76 /* data3@2x.png */,
				9CD121831871826900612DD8 /* data@2x.png */,
				9CAAF1C61869EFB700C666D2 /* Default-568h@2x.png */,
				9CAAF1C71869EFB700C666D2 /* Default.png */,
				9CAAF1C81869EFB700C666D2 /* Default@2x.png */,
				9C287C7C187B303600934786 /* delete@2x.png */,
				9CAAF1C91869EFB700C666D2 /* DreamColor logo@2x.png */,
				9CAAF1CA1869EFB700C666D2 /* email@2x.png */,
				9C287C7D187B303600934786 /* emotion-bad@2x.png */,
				9C287C7E187B303600934786 /* emotion-good@2x.png */,
				9C287C7F187B303600934786 /* emotion-normal@2x.png */,
				9CAAF1CB1869EFB700C666D2 /* Icon-120@2x.png */,
				9CAAF1CC1869EFB700C666D2 /* Icon.png */,
				9CAAF1CD1869EFB700C666D2 /* Icon@2x.png */,
				9C6DD69818B11B25005A7E1E /* lighting@2x.png */,
				9CD121841871826900612DD8 /* location@2x.png */,
				9CF9DE151872A12A002D45C9 /* menu@2x.png */,
				9C287C7A187B2F6E00934786 /* more-data@2x.png */,
				9CD1218D1871844E00612DD8 /* music off@2x.png */,
				9CD1218E1871844E00612DD8 /* music on@2x.png */,
				9CAAF1CE1869EFB700C666D2 /* nav@2x.png */,
				9CD121851871826900612DD8 /* nev bg@2x.png */,
				9CD121A518718CCE00612DD8 /* none@2x.png */,
				9CAAF1CF1869EFB700C666D2 /* password@2x.png */,
				9C6DD69918B11B25005A7E1E /* phase@2x.png */,
				9CAAF1D01869EFB700C666D2 /* photo@2x.png */,
				9C4F25B918C475BA000BA2AB /* pin@2x.png */,
				9CD121861871826900612DD8 /* setting@2x.png */,
				9C287C80187B303600934786 /* share@2x.png */,
				9C9B214918B90AA9009D233E /* slide@2x.png */,
				9CD1218F1871844E00612DD8 /* small dot@2x.png */,
				9C6DD69A18B11B25005A7E1E /* sound@2x.png */,
				9CD121901871844E00612DD8 /* start bg@2x.png */,
				9CAAF1D11869EFB700C666D2 /* start.caf */,
				9C9B213F18B8DE12009D233E /* tick@2x.png */,
				9CAAF1D21869EFB700C666D2 /* wechat@2x.png */,
				9CAAF1D31869EFB700C666D2 /* weibo@2x.png */,
				9CAAF1D41869EFB700C666D2 /* WT Background1@2x.jpg */,
				9CAAF1D51869EFB700C666D2 /* WT Background2@2x.jpg */,
				9CAAF1D61869EFB700C666D2 /* WT Background3@2x.jpg */,
				9C49215F18C777BC00029A76 /* 曲线1@2x.png */,
				9C49216018C777BC00029A76 /* 曲线2@2x.png */,
				9C49216118C777BC00029A76 /* 曲线3@2x.png */,
				9C49216218C777BC00029A76 /* 曲线4@2x.png */,
				9C49216318C777BC00029A76 /* 曲线5@2x.png */,
				9C49216418C777BC00029A76 /* 曲线6@2x.png */,
			);
			path = Resources;
			sourceTree = "<group>";
		};
		9CBD2CA0173F4464001FFAE0 = {
			isa = PBXGroup;
			children = (
				9C49215518C7659400029A76 /* RSlideView */,
				9CCF8856175101E700B1D838 /* BTstack */,
				9CBD2CB2173F4464001FFAE0 /* DreamLand */,
				9C5B75FE18366F0600943394 /* FMDB */,
				9CBD2CAB173F4464001FFAE0 /* Frameworks */,
				9CA0DF8617A2AA1D00037063 /* LEDKit */,
				9CBD2CAA173F4464001FFAE0 /* Products */,
				9C189562186D5C730013263D /* RAutoTextField */,
				9CAAF1C41869EFB700C666D2 /* Resources */,
				9CD121961871848700612DD8 /* RTNavigationController */,
				9CC3D460175EE732009AB5CA /* RTPulseWaveView.h */,
				9CC3D461175EE732009AB5CA /* RTPulseWaveView.m */,
				9C5C79BD175788CA0066D960 /* SVProgressHUD */,
				9C37678218C065DF009CFE12 /* YahooWeather */,
			);
			sourceTree = "<group>";
		};
		9CBD2CAA173F4464001FFAE0 /* Products */ = {
			isa = PBXGroup;
			children = (
				9CBD2CA9173F4464001FFAE0 /* DreamLand.app */,
			);
			name = Products;
			sourceTree = "<group>";
		};
		9CBD2CAB173F4464001FFAE0 /* Frameworks */ = {
			isa = PBXGroup;
			children = (
				9C7A9657188D3619006643D8 /* ImageIO.framework */,
				9C7A9655188D3544006643D8 /* SDWebImage.framework */,
				9C7A9650188D1C3A006643D8 /* libicucore.dylib */,
				9C7A964E188D1BFB006643D8 /* libz.1.2.5.dylib */,
				9C7A964C188D1BB1006643D8 /* MessageUI.framework */,
				9C7A95EC188D1777006643D8 /* AVOSCloudSNS.framework */,
				9C532F2F1860B4B500E391CE /* AudioToolbox.framework */,
				9C9D5F04184F4396006D01BC /* AVFoundation.framework */,
				9C7A95E0188D14F2006643D8 /* AVOSCloud.framework */,
				9C7A95E4188D154C006643D8 /* CFNetwork.framework */,
				9CBD2CB0173F4464001FFAE0 /* CoreGraphics.framework */,
				9C7A95E8188D1566006643D8 /* CoreLocation.framework */,
				9C4824BE17462FF6002D06E8 /* CoreMotion.framework */,
				9C9AFF2F176F6A5700C11C99 /* CorePlot.framework */,
				9C7A95E6188D155C006643D8 /* CoreTelephony.framework */,
				9CBD2CAE173F4464001FFAE0 /* Foundation.framework */,
				9C5B760E18366F1C00943394 /* libsqlite3.0.dylib */,
				9C7A95E2188D1541006643D8 /* MobileCoreServices.framework */,
				9C482508174A5935002D06E8 /* OpenGLES.framework */,
				9C48250A174A594F002D06E8 /* QuartzCore.framework */,
				9C7A95EA188D158F006643D8 /* SystemConfiguration.framework */,
				9CBD2CAC173F4464001FFAE0 /* UIKit.framework */,
			);
			name = Frameworks;
			sourceTree = "<group>";
		};
		9CBD2CB2173F4464001FFAE0 /* DreamLand */ = {
			isa = PBXGroup;
			children = (
				9CF9DE0D187293EF002D45C9 /* Controller */,
				9CF9DE0F18729435002D45C9 /* Data */,
				9CBD2CBB173F4464001FFAE0 /* DLAppDelegate.h */,
				9CBD2CBC173F4464001FFAE0 /* DLAppDelegate.m */,
				9C3767A118C1CF6D009CFE12 /* DLApplication.h */,
				9C3767A218C1CF6D009CFE12 /* DLApplication.m */,
				9C49215D18C7750900029A76 /* DLDayDataView.xib */,
				9C4F25B618C44F26000BA2AB /* DLSoundPlayer.h */,
				9C4F25B718C44F26000BA2AB /* DLSoundPlayer.m */,
				9C5C79B8175621B00066D960 /* Localizable.strings */,
				9CF9DE171872A23E002D45C9 /* NSDate+RExtension.h */,
				9CF9DE181872A23E002D45C9 /* NSDate+RExtension.m */,
				9C5C79B217561B9A0066D960 /* Storyboard.storyboard */,
				9CBD2CB3173F4464001FFAE0 /* Supporting Files */,
				9C37679E18C1BE03009CFE12 /* UIApplication+RExtension.h */,
				9C37679F18C1BE03009CFE12 /* UIApplication+RExtension.m */,
				9CF9DE0E187293FB002D45C9 /* View */,
			);
			path = DreamLand;
			sourceTree = "<group>";
		};
		9CBD2CB3173F4464001FFAE0 /* Supporting Files */ = {
			isa = PBXGroup;
			children = (
				9C5A96141862B85B00C673DB /* iTunesArtwork */,
				9CBD2CB4173F4464001FFAE0 /* DreamLand-Info.plist */,
				9CBD2CB5173F4464001FFAE0 /* InfoPlist.strings */,
				9CBD2CB8173F4464001FFAE0 /* main.m */,
				9CBD2CBA173F4464001FFAE0 /* DreamLand-Prefix.pch */,
			);
			name = "Supporting Files";
			sourceTree = "<group>";
		};
		9CCF8856175101E700B1D838 /* BTstack */ = {
			isa = PBXGroup;
			children = (
				9CC3D437175EE6E0009AB5CA /* bluetooth.png */,
				9CC3D463175EE7BA009AB5CA /* BTDevice.h */,
				9CC3D464175EE7BA009AB5CA /* BTDiscoveryViewController.h */,
				9CC3D465175EE7BA009AB5CA /* BTInquiryViewController.h */,
				9CC3D466175EE7BA009AB5CA /* BTStackManager.h */,
				9C63737E175FA3E50012C9B5 /* computer.png */,
				9CCF885E175101E700B1D838 /* include */,
				9CC3D44F175EE6E0009AB5CA /* keyboard.png */,
				9CCF886C175101E700B1D838 /* lib */,
				9CC3D454175EE6E0009AB5CA /* smartphone.png */,
			);
			path = BTstack;
			sourceTree = "<group>";
		};
		9CCF885E175101E700B1D838 /* include */ = {
			isa = PBXGroup;
			children = (
				9CCF885F175101E700B1D838 /* btstack */,
			);
			path = include;
			sourceTree = "<group>";
		};
		9CCF885F175101E700B1D838 /* btstack */ = {
			isa = PBXGroup;
			children = (
				9CCF8860175101E700B1D838 /* ant_cmds.h */,
				9CCF8861175101E700B1D838 /* btstack.h */,
				9CCF8862175101E700B1D838 /* config.h */,
				9CCF8863175101E700B1D838 /* hal_cpu.h */,
				9CCF8864175101E700B1D838 /* hal_tick.h */,
				9CCF8865175101E700B1D838 /* hal_uart_dma.h */,
				9CCF8866175101E700B1D838 /* hci_cmds.h */,
				9CCF8867175101E700B1D838 /* linked_list.h */,
				9CCF8868175101E700B1D838 /* memory_pool.h */,
				9CCF8869175101E700B1D838 /* run_loop.h */,
				9CCF886A175101E700B1D838 /* sdp_util.h */,
				9CCF886B175101E700B1D838 /* utils.h */,
			);
			path = btstack;
			sourceTree = "<group>";
		};
		9CCF886C175101E700B1D838 /* lib */ = {
			isa = PBXGroup;
			children = (
				9CB2CCCB175B4B5500E10072 /* libBTstack.a */,
			);
			path = lib;
			sourceTree = "<group>";
		};
		9CD121961871848700612DD8 /* RTNavigationController */ = {
			isa = PBXGroup;
			children = (
				9CD121971871848700612DD8 /* RTNavigationController.h */,
				9CD121981871848700612DD8 /* RTNavigationController.m */,
				9CD121991871848700612DD8 /* RTSiderViewController.h */,
				9CD1219A1871848700612DD8 /* RTSiderViewController.m */,
			);
			path = RTNavigationController;
			sourceTree = "<group>";
		};
		9CF9DE0D187293EF002D45C9 /* Controller */ = {
			isa = PBXGroup;
			children = (
				9CD121A21871898100612DD8 /* DLAlarmViewController.h */,
				9CD121A31871898100612DD8 /* DLAlarmViewController.m */,
				9C287C75187B2E0E00934786 /* DLDataViewController.h */,
				9C287C76187B2E0E00934786 /* DLDataViewController.m */,
				9C4F25BB18C4AFDD000BA2AB /* DLDetailDataViewController.h */,
				9C4F25BC18C4AFDD000BA2AB /* DLDetailDataViewController.m */,
				9C18955F186D55950013263D /* DLForgotViewController.h */,
				9C189560186D55950013263D /* DLForgotViewController.m */,
				9C5A963518642BB700C673DB /* DLGuideViewController.h */,
				9C5A963618642BB700C673DB /* DLGuideViewController.m */,
				9CC3D469175EEBDD009AB5CA /* DLHistoryListViewController.h */,
				9CC3D46A175EEBDD009AB5CA /* DLHistoryListViewController.m */,
				9CD121A7187191F500612DD8 /* DLLeftPanelViewController.h */,
				9CD121A8187191F500612DD8 /* DLLeftPanelViewController.m */,
				9C49214318C5B7C800029A76 /* DLNavigationController.h */,
				9C49214418C5B7C800029A76 /* DLNavigationController.m */,
				9C6DD69518B11AC3005A7E1E /* DLSettingViewController.h */,
				9C6DD69618B11AC3005A7E1E /* DLSettingViewController.m */,
				9CD1219D187184CC00612DD8 /* DLSiderViewController.h */,
				9CD1219E187184CC00612DD8 /* DLSiderViewController.m */,
				9CAAF1E91869F32900C666D2 /* DLSignInViewController.h */,
				9CAAF1EA1869F32900C666D2 /* DLSignInViewController.m */,
				9C7C210B1869BC5C00F2B2EA /* DLSignUpViewController.h */,
				9C7C210C1869BC5C00F2B2EA /* DLSignUpViewController.m */,
				9C9B214618B905EC009D233E /* DLStartViewController.h */,
				9C9B214718B905EC009D233E /* DLStartViewController.m */,
				9CBD2CC7173F4464001FFAE0 /* DLViewController.h */,
				9CBD2CC8173F4464001FFAE0 /* DLViewController.m */,
				9C1A0A4318B3AE9900A767FC /* DLWakeUpPhaseViewController.h */,
				9C1A0A4418B3AE9900A767FC /* DLWakeUpPhaseViewController.m */,
			);
			name = Controller;
			sourceTree = "<group>";
		};
		9CF9DE0E187293FB002D45C9 /* View */ = {
			isa = PBXGroup;
			children = (
				9C7C210E1869C58F00F2B2EA /* DLCustomPlaceholderColorTextField.h */,
				9C7C210F1869C58F00F2B2EA /* DLCustomPlaceholderColorTextField.m */,
				9C7C21111869C82600F2B2EA /* DLDateField.h */,
				9C7C21121869C82600F2B2EA /* DLDateField.m */,
				9CD121AA1871A0AF00612DD8 /* DLDialPlate.h */,
				9CD121AB1871A0AF00612DD8 /* DLDialPlate.m */,
				9C7C21141869CA9A00F2B2EA /* DLOptionField.h */,
				9C7C21151869CA9A00F2B2EA /* DLOptionField.m */,
				9CF9DE10187294BE002D45C9 /* DLTimePlate.h */,
				9CF9DE11187294BE002D45C9 /* DLTimePlate.m */,
				9C6DD69218B112A7005A7E1E /* DLWeeklyAlerm.h */,
				9C6DD69318B112A7005A7E1E /* DLWeeklyAlerm.m */,
				9C9B214318B9057A009D233E /* UIView+DL.h */,
				9C9B214418B9057A009D233E /* UIView+DL.m */,
				9C4F25BE18C4B811000BA2AB /* DLDataCurveView.h */,
				9C4F25BF18C4B811000BA2AB /* DLDataCurveView.m */,
				9C49214818C5BD1200029A76 /* DLChartView.h */,
				9C49214918C5BD1200029A76 /* DLChartView.m */,
				9C49215A18C766C000029A76 /* DLDayDataView.h */,
				9C49215B18C766C000029A76 /* DLDayDataView.m */,
			);
			name = View;
			sourceTree = "<group>";
		};
		9CF9DE0F18729435002D45C9 /* Data */ = {
			isa = PBXGroup;
			children = (
				9C5C79BA175625CF0066D960 /* DLData.h */,
				9C5C79BB175625CF0066D960 /* DLData.m */,
				9C2B009018425A3A00F90ED8 /* DLDatabase.h */,
				9C2B009118425A3A00F90ED8 /* DLDatabase.m */,
				9C5B75FB18366E6B00943394 /* DLDataProvider.h */,
				9C5B75FC18366E6B00943394 /* DLDataProvider.m */,
				9C5B75F818366E5B00943394 /* DLDataRecorder.h */,
				9C5B75F918366E5B00943394 /* DLDataRecorder.m */,
				9C357E77184673B5004A927D /* DLRecord.h */,
				9C357E78184673B5004A927D /* DLRecord.m */,
				9C7A9652188D21BA006643D8 /* DLUser.h */,
				9C7A9653188D21BA006643D8 /* DLUser.m */,
				9C7A9659188D3777006643D8 /* NSUserDefaults+Settings.h */,
				9C7A965A188D3777006643D8 /* NSUserDefaults+Settings.m */,
				9CEB417218C311F70009AC82 /* DLAlarm.h */,
				9CEB417318C311F70009AC82 /* DLAlarm.m */,
			);
			name = Data;
			sourceTree = "<group>";
		};
/* End PBXGroup section */

/* Begin PBXNativeTarget section */
		9CBD2CA8173F4464001FFAE0 /* DreamLand */ = {
			isa = PBXNativeTarget;
			buildConfigurationList = 9CBD2CCC173F4464001FFAE0 /* Build configuration list for PBXNativeTarget "DreamLand" */;
			buildPhases = (
				9CBD2CA5173F4464001FFAE0 /* Sources */,
				9CBD2CA6173F4464001FFAE0 /* Frameworks */,
				9CBD2CA7173F4464001FFAE0 /* Resources */,
			);
			buildRules = (
			);
			dependencies = (
			);
			name = DreamLand;
			productName = DreamLand;
			productReference = 9CBD2CA9173F4464001FFAE0 /* DreamLand.app */;
			productType = "com.apple.product-type.application";
		};
/* End PBXNativeTarget section */

/* Begin PBXProject section */
		9CBD2CA1173F4464001FFAE0 /* Project object */ = {
			isa = PBXProject;
			attributes = {
				CLASSPREFIX = DL;
				LastUpgradeCheck = 0460;
				ORGANIZATIONNAME = ricky;
				TargetAttributes = {
					9CBD2CA8173F4464001FFAE0 = {
						DevelopmentTeam = JM9WSY7Q38;
						SystemCapabilities = {
							com.apple.BackgroundModes = {
								enabled = 1;
							};
						};
					};
				};
			};
			buildConfigurationList = 9CBD2CA4173F4464001FFAE0 /* Build configuration list for PBXProject "DreamLand" */;
			compatibilityVersion = "Xcode 3.2";
			developmentRegion = English;
			hasScannedForEncodings = 0;
			knownRegions = (
				en,
				"zh-Hans",
			);
			mainGroup = 9CBD2CA0173F4464001FFAE0;
			productRefGroup = 9CBD2CAA173F4464001FFAE0 /* Products */;
			projectDirPath = "";
			projectRoot = "";
			targets = (
				9CBD2CA8173F4464001FFAE0 /* DreamLand */,
			);
		};
/* End PBXProject section */

/* Begin PBXResourcesBuildPhase section */
		9CBD2CA7173F4464001FFAE0 /* Resources */ = {
			isa = PBXResourcesBuildPhase;
			buildActionMask = 2147483647;
			files = (
				9C9B214A18B90AA9009D233E /* slide@2x.png in Resources */,
				9C9B214218B8DE12009D233E /* tick@2x.png in Resources */,
				9C49216618C777BC00029A76 /* 曲线2@2x.png in Resources */,
				9CAAF1DE1869EFB700C666D2 /* Icon.png in Resources */,
				9CAAF1E01869EFB700C666D2 /* nav@2x.png in Resources */,
				9CAAF1DF1869EFB700C666D2 /* Icon@2x.png in Resources */,
				9C287C79187B2E5100934786 /* data-bg@2x.png in Resources */,
				9C4F25BA18C475BA000BA2AB /* pin@2x.png in Resources */,
				9C49215E18C7750900029A76 /* DLDayDataView.xib in Resources */,
				9CBD2CB7173F4464001FFAE0 /* InfoPlist.strings in Resources */,
				9C49216A18C777BC00029A76 /* 曲线6@2x.png in Resources */,
				9CAAF1D81869EFB700C666D2 /* Default-568h@2x.png in Resources */,
				9C5A96151862B85B00C673DB /* iTunesArtwork in Resources */,
				9C5C79B317561B9A0066D960 /* Storyboard.storyboard in Resources */,
				9CAAF1E51869EFB700C666D2 /* weibo@2x.png in Resources */,
				9CD121911871844E00612DD8 /* big dot@2x.png in Resources */,
				9CAAF1DA1869EFB700C666D2 /* Default@2x.png in Resources */,
				9C287C82187B303600934786 /* emotion-bad@2x.png in Resources */,
				9C49215318C5E16600029A76 /* data2@2x.png in Resources */,
				9CD1218B1871826900612DD8 /* setting@2x.png in Resources */,
				9CD121921871844E00612DD8 /* music off@2x.png in Resources */,
				9C287C81187B303600934786 /* delete@2x.png in Resources */,
				9C287C83187B303600934786 /* emotion-good@2x.png in Resources */,
				9C6DD69B18B11B25005A7E1E /* lighting@2x.png in Resources */,
				9C9B214118B8DE12009D233E /* cross@2x.png in Resources */,
				9CAAF1E71869EFB700C666D2 /* WT Background2@2x.jpg in Resources */,
				9CEB417618C317450009AC82 /* alarm_sound_1.mp3 in Resources */,
				9CD121941871844E00612DD8 /* small dot@2x.png in Resources */,
				9CAAF1DD1869EFB700C666D2 /* Icon-120@2x.png in Resources */,
				9C5C79B6175621B00066D960 /* Localizable.strings in Resources */,
				9CD121A618718CCE00612DD8 /* none@2x.png in Resources */,
				9CAAF1E41869EFB700C666D2 /* wechat@2x.png in Resources */,
				9C5C79C1175788CA0066D960 /* SVProgressHUD.bundle in Resources */,
				9CC3D455175EE6E0009AB5CA /* bluetooth.png in Resources */,
				9C6DD69D18B11B25005A7E1E /* sound@2x.png in Resources */,
				9C49215418C5E16600029A76 /* data3@2x.png in Resources */,
				9CAAF1DB1869EFB700C666D2 /* DreamColor logo@2x.png in Resources */,
				9CF9DE1B1872ACAE002D45C9 /* circle-shadow@2x.png in Resources */,
				9C49216918C777BC00029A76 /* 曲线5@2x.png in Resources */,
				9C287C7B187B2F6E00934786 /* more-data@2x.png in Resources */,
				9CAAF1E31869EFB700C666D2 /* start.caf in Resources */,
				9CAAF1D91869EFB700C666D2 /* Default.png in Resources */,
				9C63737F175FA3E50012C9B5 /* computer.png in Resources */,
				9CC3D45B175EE6E0009AB5CA /* keyboard.png in Resources */,
				9CAAF1D71869EFB700C666D2 /* background@2x.png in Resources */,
				9CD121931871844E00612DD8 /* music on@2x.png in Resources */,
				9CC3D45F175EE6E1009AB5CA /* smartphone.png in Resources */,
				9C287C84187B303600934786 /* emotion-normal@2x.png in Resources */,
				9C6DD69C18B11B25005A7E1E /* phase@2x.png in Resources */,
				9CAAF1DC1869EFB700C666D2 /* email@2x.png in Resources */,
				9C287C85187B303600934786 /* share@2x.png in Resources */,
				9CAAF1E81869EFB700C666D2 /* WT Background3@2x.jpg in Resources */,
				9CAAF1E11869EFB700C666D2 /* password@2x.png in Resources */,
				9C49216718C777BC00029A76 /* 曲线3@2x.png in Resources */,
				9C9B214018B8DE12009D233E /* charger@2x.png in Resources */,
				9CAAF1E21869EFB700C666D2 /* photo@2x.png in Resources */,
				9C49214718C5BCAF00029A76 /* back@2x.png in Resources */,
				9CD121881871826900612DD8 /* data@2x.png in Resources */,
				9C287C72187B0F7E00934786 /* circle-big@2x.png in Resources */,
				9C49215218C5E16600029A76 /* data1@2x.png in Resources */,
				9CD1218A1871826900612DD8 /* nev bg@2x.png in Resources */,
				9C49216518C777BC00029A76 /* 曲线1@2x.png in Resources */,
				9CD121891871826900612DD8 /* location@2x.png in Resources */,
				9C287C74187B0F7E00934786 /* circle-small@2x.png in Resources */,
				9CAAF1E61869EFB700C666D2 /* WT Background1@2x.jpg in Resources */,
				9C9B214C18B9106B009D233E /* clock-tiny@2x.png in Resources */,
				9C287C73187B0F7E00934786 /* circle-small-shadow@2x.png in Resources */,
				9C287C71187B0F7E00934786 /* circle-big-shadow@2x.png in Resources */,
				9CD121871871826900612DD8 /* alam@2x.png in Resources */,
				9CF9DE161872A12A002D45C9 /* menu@2x.png in Resources */,
				9C49216818C777BC00029A76 /* 曲线4@2x.png in Resources */,
				9CF9DE1418729D73002D45C9 /* circle@2x.png in Resources */,
				9CD121951871844E00612DD8 /* start bg@2x.png in Resources */,
			);
			runOnlyForDeploymentPostprocessing = 0;
		};
/* End PBXResourcesBuildPhase section */

/* Begin PBXSourcesBuildPhase section */
		9CBD2CA5173F4464001FFAE0 /* Sources */ = {
			isa = PBXSourcesBuildPhase;
			buildActionMask = 2147483647;
			files = (
				9C3767A318C1CF6D009CFE12 /* DLApplication.m in Sources */,
				9C2B009218425A3A00F90ED8 /* DLDatabase.m in Sources */,
				9C7C21131869C82600F2B2EA /* DLDateField.m in Sources */,
				9C7C21161869CA9A00F2B2EA /* DLOptionField.m in Sources */,
				9CAAF1EB1869F32900C666D2 /* DLSignInViewController.m in Sources */,
				9C7C21101869C58F00F2B2EA /* DLCustomPlaceholderColorTextField.m in Sources */,
				9CD121A9187191F500612DD8 /* DLLeftPanelViewController.m in Sources */,
				9CBD2CB9173F4464001FFAE0 /* main.m in Sources */,
				9C6DD69718B11AC3005A7E1E /* DLSettingViewController.m in Sources */,
				9CBD2CBD173F4464001FFAE0 /* DLAppDelegate.m in Sources */,
				9CD1219F187184CC00612DD8 /* DLSiderViewController.m in Sources */,
				9C5B760918366F0600943394 /* FMDatabase.m in Sources */,
				9CBD2CC9173F4464001FFAE0 /* DLViewController.m in Sources */,
				9C7A965B188D3777006643D8 /* NSUserDefaults+Settings.m in Sources */,
				9C37678518C06629009CFE12 /* YHWeather.m in Sources */,
				9C5C79BC175625CF0066D960 /* DLData.m in Sources */,
				9C9B214818B905EC009D233E /* DLStartViewController.m in Sources */,
				9C49214518C5B7C800029A76 /* DLNavigationController.m in Sources */,
				9C5B760A18366F0600943394 /* FMDatabaseAdditions.m in Sources */,
				9CD121AC1871A0AF00612DD8 /* DLDialPlate.m in Sources */,
				9C1A0A4518B3AE9900A767FC /* DLWakeUpPhaseViewController.m in Sources */,
				9C5C79C2175788CA0066D960 /* SVProgressHUD.m in Sources */,
				9CD121A41871898100612DD8 /* DLAlarmViewController.m in Sources */,
				9C49215918C7659400029A76 /* RSlideView.m in Sources */,
				9C189561186D55950013263D /* DLForgotViewController.m in Sources */,
				9C5B760B18366F0600943394 /* FMDatabasePool.m in Sources */,
				9CF9DE191872A23E002D45C9 /* NSDate+RExtension.m in Sources */,
				9C3767A018C1BE03009CFE12 /* UIApplication+RExtension.m in Sources */,
				9CC3D462175EE732009AB5CA /* RTPulseWaveView.m in Sources */,
				9CD1219C1871848700612DD8 /* RTSiderViewController.m in Sources */,
				9C5B760C18366F0600943394 /* FMDatabaseQueue.m in Sources */,
				9C5B75FA18366E5B00943394 /* DLDataRecorder.m in Sources */,
				9CF9DE12187294BE002D45C9 /* DLTimePlate.m in Sources */,
				9C357E79184673B5004A927D /* DLRecord.m in Sources */,
				9C4F25B818C44F26000BA2AB /* DLSoundPlayer.m in Sources */,
				9C4F25C018C4B811000BA2AB /* DLDataCurveView.m in Sources */,
				9CEB417418C311F70009AC82 /* DLAlarm.m in Sources */,
				9C189565186D5C730013263D /* RAutoTextField.m in Sources */,
				9C7C210D1869BC5C00F2B2EA /* DLSignUpViewController.m in Sources */,
				9C7A9654188D21BA006643D8 /* DLUser.m in Sources */,
				9C287C77187B2E0E00934786 /* DLDataViewController.m in Sources */,
				9C5B75FD18366E6B00943394 /* DLDataProvider.m in Sources */,
				9C49214A18C5BD1200029A76 /* DLChartView.m in Sources */,
				9CC3D46B175EEBDD009AB5CA /* DLHistoryListViewController.m in Sources */,
				9C9B214518B9057A009D233E /* UIView+DL.m in Sources */,
				9C5B760D18366F0600943394 /* FMResultSet.m in Sources */,
				9C5A963718642BB700C673DB /* DLGuideViewController.m in Sources */,
				9CA0DF8917A2AA4E00037063 /* LEDDevice.m in Sources */,
				9C6DD69418B112A7005A7E1E /* DLWeeklyAlerm.m in Sources */,
				9CA0DF8C17A2AA7B00037063 /* LEDFinder.m in Sources */,
				9CA0DF8F17A2AAA700037063 /* LEDController.m in Sources */,
				9C4F25BD18C4AFDD000BA2AB /* DLDetailDataViewController.m in Sources */,
				9CD1219B1871848700612DD8 /* RTNavigationController.m in Sources */,
				9C49215C18C766C000029A76 /* DLDayDataView.m in Sources */,
			);
			runOnlyForDeploymentPostprocessing = 0;
		};
/* End PBXSourcesBuildPhase section */

/* Begin PBXVariantGroup section */
		9C5C79B8175621B00066D960 /* Localizable.strings */ = {
			isa = PBXVariantGroup;
			children = (
				9C5C79B7175621B00066D960 /* en */,
			);
			name = Localizable.strings;
			sourceTree = "<group>";
		};
		9CBD2CB5173F4464001FFAE0 /* InfoPlist.strings */ = {
			isa = PBXVariantGroup;
			children = (
				9CBD2CB6173F4464001FFAE0 /* en */,
			);
			name = InfoPlist.strings;
			sourceTree = "<group>";
		};
/* End PBXVariantGroup section */

/* Begin XCBuildConfiguration section */
		9CBD2CCA173F4464001FFAE0 /* Debug */ = {
			isa = XCBuildConfiguration;
			buildSettings = {
				ALWAYS_SEARCH_USER_PATHS = NO;
				CLANG_CXX_LANGUAGE_STANDARD = "gnu++0x";
				CLANG_CXX_LIBRARY = "libc++";
				CLANG_WARN_CONSTANT_CONVERSION = YES;
				CLANG_WARN_EMPTY_BODY = YES;
				CLANG_WARN_ENUM_CONVERSION = YES;
				CLANG_WARN_INT_CONVERSION = YES;
				CLANG_WARN__DUPLICATE_METHOD_MATCH = YES;
				"CODE_SIGN_IDENTITY[sdk=iphoneos*]" = "iPhone Developer";
				COPY_PHASE_STRIP = NO;
				GCC_C_LANGUAGE_STANDARD = gnu99;
				GCC_DYNAMIC_NO_PIC = NO;
				GCC_OPTIMIZATION_LEVEL = 0;
				GCC_PREPROCESSOR_DEFINITIONS = (
					"DEBUG=1",
					"$(inherited)",
				);
				GCC_SYMBOLS_PRIVATE_EXTERN = NO;
				GCC_WARN_ABOUT_RETURN_TYPE = YES;
				GCC_WARN_UNINITIALIZED_AUTOS = YES;
				GCC_WARN_UNUSED_VARIABLE = YES;
				IPHONEOS_DEPLOYMENT_TARGET = 7.0;
				ONLY_ACTIVE_ARCH = YES;
				SDKROOT = iphoneos;
			};
			name = Debug;
		};
		9CBD2CCB173F4464001FFAE0 /* Release */ = {
			isa = XCBuildConfiguration;
			buildSettings = {
				ALWAYS_SEARCH_USER_PATHS = NO;
				CLANG_CXX_LANGUAGE_STANDARD = "gnu++0x";
				CLANG_CXX_LIBRARY = "libc++";
				CLANG_WARN_CONSTANT_CONVERSION = YES;
				CLANG_WARN_EMPTY_BODY = YES;
				CLANG_WARN_ENUM_CONVERSION = YES;
				CLANG_WARN_INT_CONVERSION = YES;
				CLANG_WARN__DUPLICATE_METHOD_MATCH = YES;
				"CODE_SIGN_IDENTITY[sdk=iphoneos*]" = "iPhone Developer";
				COPY_PHASE_STRIP = YES;
				GCC_C_LANGUAGE_STANDARD = gnu99;
				GCC_WARN_ABOUT_RETURN_TYPE = YES;
				GCC_WARN_UNINITIALIZED_AUTOS = YES;
				GCC_WARN_UNUSED_VARIABLE = YES;
				IPHONEOS_DEPLOYMENT_TARGET = 7.0;
				OTHER_CFLAGS = "-DNS_BLOCK_ASSERTIONS=1";
				SDKROOT = iphoneos;
				VALIDATE_PRODUCT = YES;
			};
			name = Release;
		};
		9CBD2CCD173F4464001FFAE0 /* Debug */ = {
			isa = XCBuildConfiguration;
			buildSettings = {
				CLANG_ENABLE_OBJC_ARC = NO;
				CODE_SIGN_IDENTITY = "";
				"CODE_SIGN_IDENTITY[sdk=iphoneos*]" = "";
				FRAMEWORK_SEARCH_PATHS = (
					"$(inherited)",
					"$(SRCROOT)",
					/Users/ricky/Data/Code/DreamLand,
					/Users/ricky/Data/Code/DreamLand/ShareSDK_v2.3.0/Connection,
					/Users/ricky/Data/Code/DreamLand/ShareSDK_v2.3.0/Core,
					/Users/ricky/Data/Code/DreamLand/ShareSDK_v2.3.0/Extend/RenRenSDK,
					/Users/ricky/Data/Code/DreamLand/ShareSDK_v2.3.0/Extend,
					/Users/ricky/Data/Code/DreamLand/ShareSDK_v2.3.0,
					/Users/ricky/Data/Code/DreamLand/ShareSDK_v2.3.0/UI,
				);
				GCC_PRECOMPILE_PREFIX_HEADER = YES;
				GCC_PREFIX_HEADER = "DreamLand/DreamLand-Prefix.pch";
				GCC_PREPROCESSOR_DEFINITIONS = (
					"DEBUG=1",
					"USE_BLUETOOTH=0",
				);
				HEADER_SEARCH_PATHS = (
					"$(SRCROOT)/BTstack/include",
					"$(SRCROOT)/",
				);
				INFOPLIST_FILE = "DreamLand/DreamLand-Info.plist";
				LIBRARY_SEARCH_PATHS = (
					"$(inherited)",
					"\\\"$(SRCROOT)/BTstack/lib\\\"",
					"\\\"$(SRCROOT)/CorePlotiOS\\\"",
					/Users/ricky/Data/Code/DreamLand/ShareSDK_v2.3.0/Extend/SDKExport,
					/Users/ricky/Data/Code/DreamLand/ShareSDK_v2.3.0/Extend/TencentWeiboSSO,
				);
				ONLY_ACTIVE_ARCH = NO;
				OTHER_LDFLAGS = "-ObjC";
				PRODUCT_NAME = "$(TARGET_NAME)";
				PROVISIONING_PROFILE = "50592118-ECD8-42CD-ACCD-29257B4A0637";
				"PROVISIONING_PROFILE[sdk=iphoneos*]" = "50592118-ECD8-42CD-ACCD-29257B4A0637";
				WRAPPER_EXTENSION = app;
			};
			name = Debug;
		};
		9CBD2CCE173F4464001FFAE0 /* Release */ = {
			isa = XCBuildConfiguration;
			buildSettings = {
				CLANG_ENABLE_OBJC_ARC = NO;
				CODE_SIGN_IDENTITY = "";
				"CODE_SIGN_IDENTITY[sdk=iphoneos*]" = "";
				FRAMEWORK_SEARCH_PATHS = (
					"$(inherited)",
					"$(SRCROOT)",
					/Users/ricky/Data/Code/DreamLand,
					/Users/ricky/Data/Code/DreamLand/ShareSDK_v2.3.0/Connection,
					/Users/ricky/Data/Code/DreamLand/ShareSDK_v2.3.0/Core,
					/Users/ricky/Data/Code/DreamLand/ShareSDK_v2.3.0/Extend/RenRenSDK,
					/Users/ricky/Data/Code/DreamLand/ShareSDK_v2.3.0/Extend,
					/Users/ricky/Data/Code/DreamLand/ShareSDK_v2.3.0,
					/Users/ricky/Data/Code/DreamLand/ShareSDK_v2.3.0/UI,
				);
				GCC_PRECOMPILE_PREFIX_HEADER = YES;
				GCC_PREFIX_HEADER = "DreamLand/DreamLand-Prefix.pch";
				HEADER_SEARCH_PATHS = (
					"$(SRCROOT)/BTstack/include",
					"$(SRCROOT)/",
				);
				INFOPLIST_FILE = "DreamLand/DreamLand-Info.plist";
				LIBRARY_SEARCH_PATHS = (
					"$(inherited)",
					"\\\"$(SRCROOT)/BTstack/lib\\\"",
					"\\\"$(SRCROOT)/CorePlotiOS\\\"",
					/Users/ricky/Data/Code/DreamLand/ShareSDK_v2.3.0/Extend/SDKExport,
					/Users/ricky/Data/Code/DreamLand/ShareSDK_v2.3.0/Extend/TencentWeiboSSO,
				);
				OTHER_LDFLAGS = "-ObjC";
				PRODUCT_NAME = "$(TARGET_NAME)";
				PROVISIONING_PROFILE = "50592118-ECD8-42CD-ACCD-29257B4A0637";
				"PROVISIONING_PROFILE[sdk=iphoneos*]" = "50592118-ECD8-42CD-ACCD-29257B4A0637";
				WRAPPER_EXTENSION = app;
			};
			name = Release;
		};
/* End XCBuildConfiguration section */

/* Begin XCConfigurationList section */
		9CBD2CA4173F4464001FFAE0 /* Build configuration list for PBXProject "DreamLand" */ = {
			isa = XCConfigurationList;
			buildConfigurations = (
				9CBD2CCA173F4464001FFAE0 /* Debug */,
				9CBD2CCB173F4464001FFAE0 /* Release */,
			);
			defaultConfigurationIsVisible = 0;
			defaultConfigurationName = Release;
		};
		9CBD2CCC173F4464001FFAE0 /* Build configuration list for PBXNativeTarget "DreamLand" */ = {
			isa = XCConfigurationList;
			buildConfigurations = (
				9CBD2CCD173F4464001FFAE0 /* Debug */,
				9CBD2CCE173F4464001FFAE0 /* Release */,
			);
			defaultConfigurationIsVisible = 0;
			defaultConfigurationName = Release;
		};
/* End XCConfigurationList section */
	};
	rootObject = 9CBD2CA1173F4464001FFAE0 /* Project object */;
}
