// !$*UTF8*$!
{
	archiveVersion = 1;
	classes = {
	};
	objectVersion = 46;
	objects = {

/* Begin PBXBuildFile section */
		9C4824BF17462FF6002D06E8 /* CoreMotion.framework in Frameworks */ = {isa = PBXBuildFile; fileRef = 9C4824BE17462FF6002D06E8 /* CoreMotion.framework */; };
		9C482509174A5935002D06E8 /* OpenGLES.framework in Frameworks */ = {isa = PBXBuildFile; fileRef = 9C482508174A5935002D06E8 /* OpenGLES.framework */; };
		9C48250E174A655C002D06E8 /* QuartzCore.framework in Frameworks */ = {isa = PBXBuildFile; fileRef = 9C48250A174A594F002D06E8 /* QuartzCore.framework */; };
		9C5C79AF175619210066D960 /* S7GraphView.m in Sources */ = {isa = PBXBuildFile; fileRef = 9C5C79AD175619210066D960 /* S7GraphView.m */; };
		9C5C79B317561B9A0066D960 /* Storyboard.storyboard in Resources */ = {isa = PBXBuildFile; fileRef = 9C5C79B217561B9A0066D960 /* Storyboard.storyboard */; };
		9C5C79B6175621B00066D960 /* Localizable.strings in Resources */ = {isa = PBXBuildFile; fileRef = 9C5C79B8175621B00066D960 /* Localizable.strings */; };
		9C5C79BC175625CF0066D960 /* DLData.m in Sources */ = {isa = PBXBuildFile; fileRef = 9C5C79BB175625CF0066D960 /* DLData.m */; };
		9C5C79C1175788CA0066D960 /* SVProgressHUD.bundle in Resources */ = {isa = PBXBuildFile; fileRef = 9C5C79BE175788CA0066D960 /* SVProgressHUD.bundle */; };
		9C5C79C2175788CA0066D960 /* SVProgressHUD.m in Sources */ = {isa = PBXBuildFile; fileRef = 9C5C79C0175788CA0066D960 /* SVProgressHUD.m */; settings = {COMPILER_FLAGS = "-fobjc-arc"; }; };
		9C63737F175FA3E50012C9B5 /* computer.png in Resources */ = {isa = PBXBuildFile; fileRef = 9C63737E175FA3E50012C9B5 /* computer.png */; };
		9C9AFF30176F6A5700C11C99 /* CorePlot.framework in Frameworks */ = {isa = PBXBuildFile; fileRef = 9C9AFF2F176F6A5700C11C99 /* CorePlot.framework */; };
		9CBD2CAD173F4464001FFAE0 /* UIKit.framework in Frameworks */ = {isa = PBXBuildFile; fileRef = 9CBD2CAC173F4464001FFAE0 /* UIKit.framework */; };
		9CBD2CAF173F4464001FFAE0 /* Foundation.framework in Frameworks */ = {isa = PBXBuildFile; fileRef = 9CBD2CAE173F4464001FFAE0 /* Foundation.framework */; };
		9CBD2CB1173F4464001FFAE0 /* CoreGraphics.framework in Frameworks */ = {isa = PBXBuildFile; fileRef = 9CBD2CB0173F4464001FFAE0 /* CoreGraphics.framework */; };
		9CBD2CB7173F4464001FFAE0 /* InfoPlist.strings in Resources */ = {isa = PBXBuildFile; fileRef = 9CBD2CB5173F4464001FFAE0 /* InfoPlist.strings */; };
		9CBD2CB9173F4464001FFAE0 /* main.m in Sources */ = {isa = PBXBuildFile; fileRef = 9CBD2CB8173F4464001FFAE0 /* main.m */; };
		9CBD2CBD173F4464001FFAE0 /* DLAppDelegate.m in Sources */ = {isa = PBXBuildFile; fileRef = 9CBD2CBC173F4464001FFAE0 /* DLAppDelegate.m */; };
		9CBD2CBF173F4464001FFAE0 /* Default.png in Resources */ = {isa = PBXBuildFile; fileRef = 9CBD2CBE173F4464001FFAE0 /* Default.png */; };
		9CBD2CC1173F4464001FFAE0 /* Default@2x.png in Resources */ = {isa = PBXBuildFile; fileRef = 9CBD2CC0173F4464001FFAE0 /* Default@2x.png */; };
		9CBD2CC3173F4464001FFAE0 /* Default-568h@2x.png in Resources */ = {isa = PBXBuildFile; fileRef = 9CBD2CC2173F4464001FFAE0 /* Default-568h@2x.png */; };
		9CBD2CC9173F4464001FFAE0 /* DLViewController.m in Sources */ = {isa = PBXBuildFile; fileRef = 9CBD2CC8173F4464001FFAE0 /* DLViewController.m */; };
		9CC3D455175EE6E0009AB5CA /* bluetooth.png in Resources */ = {isa = PBXBuildFile; fileRef = 9CC3D437175EE6E0009AB5CA /* bluetooth.png */; };
		9CC3D45B175EE6E0009AB5CA /* keyboard.png in Resources */ = {isa = PBXBuildFile; fileRef = 9CC3D44F175EE6E0009AB5CA /* keyboard.png */; };
		9CC3D45F175EE6E1009AB5CA /* smartphone.png in Resources */ = {isa = PBXBuildFile; fileRef = 9CC3D454175EE6E0009AB5CA /* smartphone.png */; };
		9CC3D462175EE732009AB5CA /* RTPulseWaveView.m in Sources */ = {isa = PBXBuildFile; fileRef = 9CC3D461175EE732009AB5CA /* RTPulseWaveView.m */; };
		9CC3D46B175EEBDD009AB5CA /* DLHistoryListViewController.m in Sources */ = {isa = PBXBuildFile; fileRef = 9CC3D46A175EEBDD009AB5CA /* DLHistoryListViewController.m */; };
/* End PBXBuildFile section */

/* Begin PBXFileReference section */
		9C4824BE17462FF6002D06E8 /* CoreMotion.framework */ = {isa = PBXFileReference; lastKnownFileType = wrapper.framework; name = CoreMotion.framework; path = System/Library/Frameworks/CoreMotion.framework; sourceTree = SDKROOT; };
		9C482508174A5935002D06E8 /* OpenGLES.framework */ = {isa = PBXFileReference; lastKnownFileType = wrapper.framework; name = OpenGLES.framework; path = System/Library/Frameworks/OpenGLES.framework; sourceTree = SDKROOT; };
		9C48250A174A594F002D06E8 /* QuartzCore.framework */ = {isa = PBXFileReference; lastKnownFileType = wrapper.framework; name = QuartzCore.framework; path = System/Library/Frameworks/QuartzCore.framework; sourceTree = SDKROOT; };
		9C5C79AC175619210066D960 /* S7GraphView.h */ = {isa = PBXFileReference; fileEncoding = 4; lastKnownFileType = sourcecode.c.h; path = S7GraphView.h; sourceTree = "<group>"; };
		9C5C79AD175619210066D960 /* S7GraphView.m */ = {isa = PBXFileReference; fileEncoding = 4; lastKnownFileType = sourcecode.c.objc; path = S7GraphView.m; sourceTree = "<group>"; };
		9C5C79AE175619210066D960 /* S7Macros.h */ = {isa = PBXFileReference; fileEncoding = 4; lastKnownFileType = sourcecode.c.h; path = S7Macros.h; sourceTree = "<group>"; };
		9C5C79B217561B9A0066D960 /* Storyboard.storyboard */ = {isa = PBXFileReference; fileEncoding = 4; lastKnownFileType = file.storyboard; path = Storyboard.storyboard; sourceTree = "<group>"; };
		9C5C79B7175621B00066D960 /* en */ = {isa = PBXFileReference; lastKnownFileType = text.plist.strings; name = en; path = en.lproj/Localizable.strings; sourceTree = "<group>"; };
		9C5C79B9175621BC0066D960 /* zh-Hans */ = {isa = PBXFileReference; lastKnownFileType = text.plist.strings; name = "zh-Hans"; path = "zh-Hans.lproj/Localizable.strings"; sourceTree = "<group>"; };
		9C5C79BA175625CF0066D960 /* DLData.h */ = {isa = PBXFileReference; fileEncoding = 4; lastKnownFileType = sourcecode.c.h; path = DLData.h; sourceTree = "<group>"; };
		9C5C79BB175625CF0066D960 /* DLData.m */ = {isa = PBXFileReference; fileEncoding = 4; lastKnownFileType = sourcecode.c.objc; path = DLData.m; sourceTree = "<group>"; };
		9C5C79BE175788CA0066D960 /* SVProgressHUD.bundle */ = {isa = PBXFileReference; lastKnownFileType = "wrapper.plug-in"; path = SVProgressHUD.bundle; sourceTree = "<group>"; };
		9C5C79BF175788CA0066D960 /* SVProgressHUD.h */ = {isa = PBXFileReference; fileEncoding = 4; lastKnownFileType = sourcecode.c.h; path = SVProgressHUD.h; sourceTree = "<group>"; };
		9C5C79C0175788CA0066D960 /* SVProgressHUD.m */ = {isa = PBXFileReference; fileEncoding = 4; lastKnownFileType = sourcecode.c.objc; path = SVProgressHUD.m; sourceTree = "<group>"; };
		9C63737E175FA3E50012C9B5 /* computer.png */ = {isa = PBXFileReference; lastKnownFileType = image.png; path = computer.png; sourceTree = "<group>"; };
		9C9AFF2F176F6A5700C11C99 /* CorePlot.framework */ = {isa = PBXFileReference; lastKnownFileType = wrapper.framework; path = CorePlot.framework; sourceTree = "<group>"; };
		9CB2CCCB175B4B5500E10072 /* libBTstack.a */ = {isa = PBXFileReference; lastKnownFileType = archive.ar; path = libBTstack.a; sourceTree = "<group>"; };
		9CBD2CA9173F4464001FFAE0 /* DreamLand.app */ = {isa = PBXFileReference; explicitFileType = wrapper.application; includeInIndex = 0; path = DreamLand.app; sourceTree = BUILT_PRODUCTS_DIR; };
		9CBD2CAC173F4464001FFAE0 /* UIKit.framework */ = {isa = PBXFileReference; lastKnownFileType = wrapper.framework; name = UIKit.framework; path = System/Library/Frameworks/UIKit.framework; sourceTree = SDKROOT; };
		9CBD2CAE173F4464001FFAE0 /* Foundation.framework */ = {isa = PBXFileReference; lastKnownFileType = wrapper.framework; name = Foundation.framework; path = System/Library/Frameworks/Foundation.framework; sourceTree = SDKROOT; };
		9CBD2CB0173F4464001FFAE0 /* CoreGraphics.framework */ = {isa = PBXFileReference; lastKnownFileType = wrapper.framework; name = CoreGraphics.framework; path = System/Library/Frameworks/CoreGraphics.framework; sourceTree = SDKROOT; };
		9CBD2CB4173F4464001FFAE0 /* DreamLand-Info.plist */ = {isa = PBXFileReference; lastKnownFileType = text.plist.xml; path = "DreamLand-Info.plist"; sourceTree = "<group>"; };
		9CBD2CB6173F4464001FFAE0 /* en */ = {isa = PBXFileReference; lastKnownFileType = text.plist.strings; name = en; path = en.lproj/InfoPlist.strings; sourceTree = "<group>"; };
		9CBD2CB8173F4464001FFAE0 /* main.m */ = {isa = PBXFileReference; lastKnownFileType = sourcecode.c.objc; path = main.m; sourceTree = "<group>"; };
		9CBD2CBA173F4464001FFAE0 /* DreamLand-Prefix.pch */ = {isa = PBXFileReference; lastKnownFileType = sourcecode.c.h; path = "DreamLand-Prefix.pch"; sourceTree = "<group>"; };
		9CBD2CBB173F4464001FFAE0 /* DLAppDelegate.h */ = {isa = PBXFileReference; lastKnownFileType = sourcecode.c.h; path = DLAppDelegate.h; sourceTree = "<group>"; };
		9CBD2CBC173F4464001FFAE0 /* DLAppDelegate.m */ = {isa = PBXFileReference; lastKnownFileType = sourcecode.c.objc; path = DLAppDelegate.m; sourceTree = "<group>"; };
		9CBD2CBE173F4464001FFAE0 /* Default.png */ = {isa = PBXFileReference; lastKnownFileType = image.png; path = Default.png; sourceTree = "<group>"; };
		9CBD2CC0173F4464001FFAE0 /* Default@2x.png */ = {isa = PBXFileReference; lastKnownFileType = image.png; path = "Default@2x.png"; sourceTree = "<group>"; };
		9CBD2CC2173F4464001FFAE0 /* Default-568h@2x.png */ = {isa = PBXFileReference; lastKnownFileType = image.png; path = "Default-568h@2x.png"; sourceTree = "<group>"; };
		9CBD2CC7173F4464001FFAE0 /* DLViewController.h */ = {isa = PBXFileReference; lastKnownFileType = sourcecode.c.h; path = DLViewController.h; sourceTree = "<group>"; };
		9CBD2CC8173F4464001FFAE0 /* DLViewController.m */ = {isa = PBXFileReference; lastKnownFileType = sourcecode.c.objc; path = DLViewController.m; sourceTree = "<group>"; };
		9CC3D437175EE6E0009AB5CA /* bluetooth.png */ = {isa = PBXFileReference; lastKnownFileType = image.png; path = bluetooth.png; sourceTree = "<group>"; };
		9CC3D44F175EE6E0009AB5CA /* keyboard.png */ = {isa = PBXFileReference; lastKnownFileType = image.png; path = keyboard.png; sourceTree = "<group>"; };
		9CC3D454175EE6E0009AB5CA /* smartphone.png */ = {isa = PBXFileReference; lastKnownFileType = image.png; path = smartphone.png; sourceTree = "<group>"; };
		9CC3D460175EE732009AB5CA /* RTPulseWaveView.h */ = {isa = PBXFileReference; fileEncoding = 4; lastKnownFileType = sourcecode.c.h; path = RTPulseWaveView.h; sourceTree = "<group>"; };
		9CC3D461175EE732009AB5CA /* RTPulseWaveView.m */ = {isa = PBXFileReference; fileEncoding = 4; lastKnownFileType = sourcecode.c.objc; path = RTPulseWaveView.m; sourceTree = "<group>"; };
		9CC3D463175EE7BA009AB5CA /* BTDevice.h */ = {isa = PBXFileReference; fileEncoding = 4; lastKnownFileType = sourcecode.c.h; path = BTDevice.h; sourceTree = "<group>"; };
		9CC3D464175EE7BA009AB5CA /* BTDiscoveryViewController.h */ = {isa = PBXFileReference; fileEncoding = 4; lastKnownFileType = sourcecode.c.h; path = BTDiscoveryViewController.h; sourceTree = "<group>"; };
		9CC3D465175EE7BA009AB5CA /* BTInquiryViewController.h */ = {isa = PBXFileReference; fileEncoding = 4; lastKnownFileType = sourcecode.c.h; path = BTInquiryViewController.h; sourceTree = "<group>"; };
		9CC3D466175EE7BA009AB5CA /* BTStackManager.h */ = {isa = PBXFileReference; fileEncoding = 4; lastKnownFileType = sourcecode.c.h; path = BTStackManager.h; sourceTree = "<group>"; };
		9CC3D469175EEBDD009AB5CA /* DLHistoryListViewController.h */ = {isa = PBXFileReference; fileEncoding = 4; lastKnownFileType = sourcecode.c.h; path = DLHistoryListViewController.h; sourceTree = "<group>"; };
		9CC3D46A175EEBDD009AB5CA /* DLHistoryListViewController.m */ = {isa = PBXFileReference; fileEncoding = 4; lastKnownFileType = sourcecode.c.objc; path = DLHistoryListViewController.m; sourceTree = "<group>"; };
		9CCF8860175101E700B1D838 /* ant_cmds.h */ = {isa = PBXFileReference; fileEncoding = 4; lastKnownFileType = sourcecode.c.h; path = ant_cmds.h; sourceTree = "<group>"; };
		9CCF8861175101E700B1D838 /* btstack.h */ = {isa = PBXFileReference; fileEncoding = 4; lastKnownFileType = sourcecode.c.h; path = btstack.h; sourceTree = "<group>"; };
		9CCF8862175101E700B1D838 /* config.h */ = {isa = PBXFileReference; fileEncoding = 4; lastKnownFileType = sourcecode.c.h; path = config.h; sourceTree = "<group>"; };
		9CCF8863175101E700B1D838 /* hal_cpu.h */ = {isa = PBXFileReference; fileEncoding = 4; lastKnownFileType = sourcecode.c.h; path = hal_cpu.h; sourceTree = "<group>"; };
		9CCF8864175101E700B1D838 /* hal_tick.h */ = {isa = PBXFileReference; fileEncoding = 4; lastKnownFileType = sourcecode.c.h; path = hal_tick.h; sourceTree = "<group>"; };
		9CCF8865175101E700B1D838 /* hal_uart_dma.h */ = {isa = PBXFileReference; fileEncoding = 4; lastKnownFileType = sourcecode.c.h; path = hal_uart_dma.h; sourceTree = "<group>"; };
		9CCF8866175101E700B1D838 /* hci_cmds.h */ = {isa = PBXFileReference; fileEncoding = 4; lastKnownFileType = sourcecode.c.h; path = hci_cmds.h; sourceTree = "<group>"; };
		9CCF8867175101E700B1D838 /* linked_list.h */ = {isa = PBXFileReference; fileEncoding = 4; lastKnownFileType = sourcecode.c.h; path = linked_list.h; sourceTree = "<group>"; };
		9CCF8868175101E700B1D838 /* memory_pool.h */ = {isa = PBXFileReference; fileEncoding = 4; lastKnownFileType = sourcecode.c.h; path = memory_pool.h; sourceTree = "<group>"; };
		9CCF8869175101E700B1D838 /* run_loop.h */ = {isa = PBXFileReference; fileEncoding = 4; lastKnownFileType = sourcecode.c.h; path = run_loop.h; sourceTree = "<group>"; };
		9CCF886A175101E700B1D838 /* sdp_util.h */ = {isa = PBXFileReference; fileEncoding = 4; lastKnownFileType = sourcecode.c.h; path = sdp_util.h; sourceTree = "<group>"; };
		9CCF886B175101E700B1D838 /* utils.h */ = {isa = PBXFileReference; fileEncoding = 4; lastKnownFileType = sourcecode.c.h; path = utils.h; sourceTree = "<group>"; };
		9CCF888217510E5600B1D838 /* zh-Hans */ = {isa = PBXFileReference; lastKnownFileType = text.plist.strings; name = "zh-Hans"; path = "zh-Hans.lproj/InfoPlist.strings"; sourceTree = "<group>"; };
/* End PBXFileReference section */

/* Begin PBXFrameworksBuildPhase section */
		9CBD2CA6173F4464001FFAE0 /* Frameworks */ = {
			isa = PBXFrameworksBuildPhase;
			buildActionMask = 2147483647;
			files = (
				9C9AFF30176F6A5700C11C99 /* CorePlot.framework in Frameworks */,
				9C48250E174A655C002D06E8 /* QuartzCore.framework in Frameworks */,
				9C482509174A5935002D06E8 /* OpenGLES.framework in Frameworks */,
				9C4824BF17462FF6002D06E8 /* CoreMotion.framework in Frameworks */,
				9CBD2CAD173F4464001FFAE0 /* UIKit.framework in Frameworks */,
				9CBD2CAF173F4464001FFAE0 /* Foundation.framework in Frameworks */,
				9CBD2CB1173F4464001FFAE0 /* CoreGraphics.framework in Frameworks */,
			);
			runOnlyForDeploymentPostprocessing = 0;
		};
/* End PBXFrameworksBuildPhase section */

/* Begin PBXGroup section */
		9C5C79AB175619210066D960 /* s7graphview */ = {
			isa = PBXGroup;
			children = (
				9C5C79AC175619210066D960 /* S7GraphView.h */,
				9C5C79AD175619210066D960 /* S7GraphView.m */,
				9C5C79AE175619210066D960 /* S7Macros.h */,
			);
			path = s7graphview;
			sourceTree = "<group>";
		};
		9C5C79BD175788CA0066D960 /* SVProgressHUD */ = {
			isa = PBXGroup;
			children = (
				9C5C79BE175788CA0066D960 /* SVProgressHUD.bundle */,
				9C5C79BF175788CA0066D960 /* SVProgressHUD.h */,
				9C5C79C0175788CA0066D960 /* SVProgressHUD.m */,
			);
			path = SVProgressHUD;
			sourceTree = "<group>";
		};
		9CBD2CA0173F4464001FFAE0 = {
			isa = PBXGroup;
			children = (
				9CCF8856175101E700B1D838 /* BTstack */,
				9CBD2CB2173F4464001FFAE0 /* DreamLand */,
				9CBD2CAB173F4464001FFAE0 /* Frameworks */,
				9CBD2CAA173F4464001FFAE0 /* Products */,
				9CC3D460175EE732009AB5CA /* RTPulseWaveView.h */,
				9CC3D461175EE732009AB5CA /* RTPulseWaveView.m */,
				9C5C79AB175619210066D960 /* s7graphview */,
				9C5C79BD175788CA0066D960 /* SVProgressHUD */,
			);
			sourceTree = "<group>";
		};
		9CBD2CAA173F4464001FFAE0 /* Products */ = {
			isa = PBXGroup;
			children = (
				9CBD2CA9173F4464001FFAE0 /* DreamLand.app */,
			);
			name = Products;
			sourceTree = "<group>";
		};
		9CBD2CAB173F4464001FFAE0 /* Frameworks */ = {
			isa = PBXGroup;
			children = (
				9C9AFF2F176F6A5700C11C99 /* CorePlot.framework */,
				9C48250A174A594F002D06E8 /* QuartzCore.framework */,
				9C482508174A5935002D06E8 /* OpenGLES.framework */,
				9C4824BE17462FF6002D06E8 /* CoreMotion.framework */,
				9CBD2CAC173F4464001FFAE0 /* UIKit.framework */,
				9CBD2CAE173F4464001FFAE0 /* Foundation.framework */,
				9CBD2CB0173F4464001FFAE0 /* CoreGraphics.framework */,
			);
			name = Frameworks;
			sourceTree = "<group>";
		};
		9CBD2CB2173F4464001FFAE0 /* DreamLand */ = {
			isa = PBXGroup;
			children = (
				9CBD2CBB173F4464001FFAE0 /* DLAppDelegate.h */,
				9CBD2CBC173F4464001FFAE0 /* DLAppDelegate.m */,
				9C5C79BA175625CF0066D960 /* DLData.h */,
				9C5C79BB175625CF0066D960 /* DLData.m */,
				9CBD2CC7173F4464001FFAE0 /* DLViewController.h */,
				9CBD2CC8173F4464001FFAE0 /* DLViewController.m */,
				9C5C79B8175621B00066D960 /* Localizable.strings */,
				9C5C79B217561B9A0066D960 /* Storyboard.storyboard */,
				9CBD2CB3173F4464001FFAE0 /* Supporting Files */,
				9CC3D469175EEBDD009AB5CA /* DLHistoryListViewController.h */,
				9CC3D46A175EEBDD009AB5CA /* DLHistoryListViewController.m */,
			);
			path = DreamLand;
			sourceTree = "<group>";
		};
		9CBD2CB3173F4464001FFAE0 /* Supporting Files */ = {
			isa = PBXGroup;
			children = (
				9CBD2CB4173F4464001FFAE0 /* DreamLand-Info.plist */,
				9CBD2CB5173F4464001FFAE0 /* InfoPlist.strings */,
				9CBD2CB8173F4464001FFAE0 /* main.m */,
				9CBD2CBA173F4464001FFAE0 /* DreamLand-Prefix.pch */,
				9CBD2CBE173F4464001FFAE0 /* Default.png */,
				9CBD2CC0173F4464001FFAE0 /* Default@2x.png */,
				9CBD2CC2173F4464001FFAE0 /* Default-568h@2x.png */,
			);
			name = "Supporting Files";
			sourceTree = "<group>";
		};
		9CCF8856175101E700B1D838 /* BTstack */ = {
			isa = PBXGroup;
			children = (
				9CC3D437175EE6E0009AB5CA /* bluetooth.png */,
				9CC3D463175EE7BA009AB5CA /* BTDevice.h */,
				9CC3D464175EE7BA009AB5CA /* BTDiscoveryViewController.h */,
				9CC3D465175EE7BA009AB5CA /* BTInquiryViewController.h */,
				9CC3D466175EE7BA009AB5CA /* BTStackManager.h */,
				9C63737E175FA3E50012C9B5 /* computer.png */,
				9CCF885E175101E700B1D838 /* include */,
				9CC3D44F175EE6E0009AB5CA /* keyboard.png */,
				9CCF886C175101E700B1D838 /* lib */,
				9CC3D454175EE6E0009AB5CA /* smartphone.png */,
			);
			path = BTstack;
			sourceTree = "<group>";
		};
		9CCF885E175101E700B1D838 /* include */ = {
			isa = PBXGroup;
			children = (
				9CCF885F175101E700B1D838 /* btstack */,
			);
			path = include;
			sourceTree = "<group>";
		};
		9CCF885F175101E700B1D838 /* btstack */ = {
			isa = PBXGroup;
			children = (
				9CCF8860175101E700B1D838 /* ant_cmds.h */,
				9CCF8861175101E700B1D838 /* btstack.h */,
				9CCF8862175101E700B1D838 /* config.h */,
				9CCF8863175101E700B1D838 /* hal_cpu.h */,
				9CCF8864175101E700B1D838 /* hal_tick.h */,
				9CCF8865175101E700B1D838 /* hal_uart_dma.h */,
				9CCF8866175101E700B1D838 /* hci_cmds.h */,
				9CCF8867175101E700B1D838 /* linked_list.h */,
				9CCF8868175101E700B1D838 /* memory_pool.h */,
				9CCF8869175101E700B1D838 /* run_loop.h */,
				9CCF886A175101E700B1D838 /* sdp_util.h */,
				9CCF886B175101E700B1D838 /* utils.h */,
			);
			path = btstack;
			sourceTree = "<group>";
		};
		9CCF886C175101E700B1D838 /* lib */ = {
			isa = PBXGroup;
			children = (
				9CB2CCCB175B4B5500E10072 /* libBTstack.a */,
			);
			path = lib;
			sourceTree = "<group>";
		};
/* End PBXGroup section */

/* Begin PBXNativeTarget section */
		9CBD2CA8173F4464001FFAE0 /* DreamLand */ = {
			isa = PBXNativeTarget;
			buildConfigurationList = 9CBD2CCC173F4464001FFAE0 /* Build configuration list for PBXNativeTarget "DreamLand" */;
			buildPhases = (
				9CBD2CA5173F4464001FFAE0 /* Sources */,
				9CBD2CA6173F4464001FFAE0 /* Frameworks */,
				9CBD2CA7173F4464001FFAE0 /* Resources */,
			);
			buildRules = (
			);
			dependencies = (
			);
			name = DreamLand;
			productName = DreamLand;
			productReference = 9CBD2CA9173F4464001FFAE0 /* DreamLand.app */;
			productType = "com.apple.product-type.application";
		};
/* End PBXNativeTarget section */

/* Begin PBXProject section */
		9CBD2CA1173F4464001FFAE0 /* Project object */ = {
			isa = PBXProject;
			attributes = {
				CLASSPREFIX = DL;
				LastUpgradeCheck = 0460;
				ORGANIZATIONNAME = ricky;
			};
			buildConfigurationList = 9CBD2CA4173F4464001FFAE0 /* Build configuration list for PBXProject "DreamLand" */;
			compatibilityVersion = "Xcode 3.2";
			developmentRegion = English;
			hasScannedForEncodings = 0;
			knownRegions = (
				en,
				"zh-Hans",
			);
			mainGroup = 9CBD2CA0173F4464001FFAE0;
			productRefGroup = 9CBD2CAA173F4464001FFAE0 /* Products */;
			projectDirPath = "";
			projectRoot = "";
			targets = (
				9CBD2CA8173F4464001FFAE0 /* DreamLand */,
			);
		};
/* End PBXProject section */

/* Begin PBXResourcesBuildPhase section */
		9CBD2CA7173F4464001FFAE0 /* Resources */ = {
			isa = PBXResourcesBuildPhase;
			buildActionMask = 2147483647;
			files = (
				9CBD2CB7173F4464001FFAE0 /* InfoPlist.strings in Resources */,
				9CBD2CBF173F4464001FFAE0 /* Default.png in Resources */,
				9CBD2CC1173F4464001FFAE0 /* Default@2x.png in Resources */,
				9CBD2CC3173F4464001FFAE0 /* Default-568h@2x.png in Resources */,
				9C5C79B317561B9A0066D960 /* Storyboard.storyboard in Resources */,
				9C5C79B6175621B00066D960 /* Localizable.strings in Resources */,
				9C5C79C1175788CA0066D960 /* SVProgressHUD.bundle in Resources */,
				9CC3D455175EE6E0009AB5CA /* bluetooth.png in Resources */,
				9C63737F175FA3E50012C9B5 /* computer.png in Resources */,
				9CC3D45B175EE6E0009AB5CA /* keyboard.png in Resources */,
				9CC3D45F175EE6E1009AB5CA /* smartphone.png in Resources */,
			);
			runOnlyForDeploymentPostprocessing = 0;
		};
/* End PBXResourcesBuildPhase section */

/* Begin PBXSourcesBuildPhase section */
		9CBD2CA5173F4464001FFAE0 /* Sources */ = {
			isa = PBXSourcesBuildPhase;
			buildActionMask = 2147483647;
			files = (
				9CBD2CB9173F4464001FFAE0 /* main.m in Sources */,
				9CBD2CBD173F4464001FFAE0 /* DLAppDelegate.m in Sources */,
				9CBD2CC9173F4464001FFAE0 /* DLViewController.m in Sources */,
				9C5C79AF175619210066D960 /* S7GraphView.m in Sources */,
				9C5C79BC175625CF0066D960 /* DLData.m in Sources */,
				9C5C79C2175788CA0066D960 /* SVProgressHUD.m in Sources */,
				9CC3D462175EE732009AB5CA /* RTPulseWaveView.m in Sources */,
				9CC3D46B175EEBDD009AB5CA /* DLHistoryListViewController.m in Sources */,
			);
			runOnlyForDeploymentPostprocessing = 0;
		};
/* End PBXSourcesBuildPhase section */

/* Begin PBXVariantGroup section */
		9C5C79B8175621B00066D960 /* Localizable.strings */ = {
			isa = PBXVariantGroup;
			children = (
				9C5C79B7175621B00066D960 /* en */,
				9C5C79B9175621BC0066D960 /* zh-Hans */,
			);
			name = Localizable.strings;
			sourceTree = "<group>";
		};
		9CBD2CB5173F4464001FFAE0 /* InfoPlist.strings */ = {
			isa = PBXVariantGroup;
			children = (
				9CBD2CB6173F4464001FFAE0 /* en */,
				9CCF888217510E5600B1D838 /* zh-Hans */,
			);
			name = InfoPlist.strings;
			sourceTree = "<group>";
		};
/* End PBXVariantGroup section */

/* Begin XCBuildConfiguration section */
		9CBD2CCA173F4464001FFAE0 /* Debug */ = {
			isa = XCBuildConfiguration;
			buildSettings = {
				ALWAYS_SEARCH_USER_PATHS = NO;
				CLANG_CXX_LANGUAGE_STANDARD = "gnu++0x";
				CLANG_CXX_LIBRARY = "libc++";
				CLANG_WARN_CONSTANT_CONVERSION = YES;
				CLANG_WARN_EMPTY_BODY = YES;
				CLANG_WARN_ENUM_CONVERSION = YES;
				CLANG_WARN_INT_CONVERSION = YES;
				CLANG_WARN__DUPLICATE_METHOD_MATCH = YES;
				"CODE_SIGN_IDENTITY[sdk=iphoneos*]" = "iPhone Developer";
				COPY_PHASE_STRIP = NO;
				GCC_C_LANGUAGE_STANDARD = gnu99;
				GCC_DYNAMIC_NO_PIC = NO;
				GCC_OPTIMIZATION_LEVEL = 0;
				GCC_PREPROCESSOR_DEFINITIONS = (
					"DEBUG=1",
					"$(inherited)",
				);
				GCC_SYMBOLS_PRIVATE_EXTERN = NO;
				GCC_WARN_ABOUT_RETURN_TYPE = YES;
				GCC_WARN_UNINITIALIZED_AUTOS = YES;
				GCC_WARN_UNUSED_VARIABLE = YES;
				IPHONEOS_DEPLOYMENT_TARGET = 5.0;
				ONLY_ACTIVE_ARCH = YES;
				SDKROOT = iphoneos;
			};
			name = Debug;
		};
		9CBD2CCB173F4464001FFAE0 /* Release */ = {
			isa = XCBuildConfiguration;
			buildSettings = {
				ALWAYS_SEARCH_USER_PATHS = NO;
				CLANG_CXX_LANGUAGE_STANDARD = "gnu++0x";
				CLANG_CXX_LIBRARY = "libc++";
				CLANG_WARN_CONSTANT_CONVERSION = YES;
				CLANG_WARN_EMPTY_BODY = YES;
				CLANG_WARN_ENUM_CONVERSION = YES;
				CLANG_WARN_INT_CONVERSION = YES;
				CLANG_WARN__DUPLICATE_METHOD_MATCH = YES;
				"CODE_SIGN_IDENTITY[sdk=iphoneos*]" = "iPhone Developer";
				COPY_PHASE_STRIP = YES;
				GCC_C_LANGUAGE_STANDARD = gnu99;
				GCC_WARN_ABOUT_RETURN_TYPE = YES;
				GCC_WARN_UNINITIALIZED_AUTOS = YES;
				GCC_WARN_UNUSED_VARIABLE = YES;
				IPHONEOS_DEPLOYMENT_TARGET = 5.0;
				OTHER_CFLAGS = "-DNS_BLOCK_ASSERTIONS=1";
				SDKROOT = iphoneos;
				VALIDATE_PRODUCT = YES;
			};
			name = Release;
		};
		9CBD2CCD173F4464001FFAE0 /* Debug */ = {
			isa = XCBuildConfiguration;
			buildSettings = {
				CODE_SIGN_IDENTITY = "iPhone Developer: w Song (LAFGX7LKMX)";
				"CODE_SIGN_IDENTITY[sdk=iphoneos*]" = "iPhone Developer: w Song (LAFGX7LKMX)";
				FRAMEWORK_SEARCH_PATHS = (
					"$(inherited)",
					"\"$(SRCROOT)\"",
				);
				GCC_PRECOMPILE_PREFIX_HEADER = YES;
				GCC_PREFIX_HEADER = "DreamLand/DreamLand-Prefix.pch";
				GCC_PREPROCESSOR_DEFINITIONS = (
					"DEBUG=1",
					"USE_BLUETOOTH=0",
				);
				HEADER_SEARCH_PATHS = (
					"$(SRCROOT)/BTstack/include",
					"$(SRCROOT)/",
				);
				INFOPLIST_FILE = "DreamLand/DreamLand-Info.plist";
				LIBRARY_SEARCH_PATHS = (
					"$(inherited)",
					"\"$(SRCROOT)/BTstack/lib\"",
					"\"$(SRCROOT)/CorePlotiOS\"",
				);
				ONLY_ACTIVE_ARCH = NO;
				OTHER_LDFLAGS = "-ObjC";
				PRODUCT_NAME = "$(TARGET_NAME)";
				PROVISIONING_PROFILE = "0C270AD4-D8F2-4042-B900-456730806FE2";
				"PROVISIONING_PROFILE[sdk=iphoneos*]" = "0C270AD4-D8F2-4042-B900-456730806FE2";
				WRAPPER_EXTENSION = app;
			};
			name = Debug;
		};
		9CBD2CCE173F4464001FFAE0 /* Release */ = {
			isa = XCBuildConfiguration;
			buildSettings = {
				CODE_SIGN_IDENTITY = "iPhone Developer: w Song (LAFGX7LKMX)";
				"CODE_SIGN_IDENTITY[sdk=iphoneos*]" = "iPhone Developer: w Song (LAFGX7LKMX)";
				FRAMEWORK_SEARCH_PATHS = (
					"$(inherited)",
					"\"$(SRCROOT)\"",
				);
				GCC_PRECOMPILE_PREFIX_HEADER = YES;
				GCC_PREFIX_HEADER = "DreamLand/DreamLand-Prefix.pch";
				HEADER_SEARCH_PATHS = (
					"$(SRCROOT)/BTstack/include",
					"$(SRCROOT)/",
				);
				INFOPLIST_FILE = "DreamLand/DreamLand-Info.plist";
				LIBRARY_SEARCH_PATHS = (
					"$(inherited)",
					"\"$(SRCROOT)/BTstack/lib\"",
					"\"$(SRCROOT)/CorePlotiOS\"",
				);
				OTHER_LDFLAGS = "-ObjC";
				PRODUCT_NAME = "$(TARGET_NAME)";
				PROVISIONING_PROFILE = "0C270AD4-D8F2-4042-B900-456730806FE2";
				"PROVISIONING_PROFILE[sdk=iphoneos*]" = "0C270AD4-D8F2-4042-B900-456730806FE2";
				WRAPPER_EXTENSION = app;
			};
			name = Release;
		};
/* End XCBuildConfiguration section */

/* Begin XCConfigurationList section */
		9CBD2CA4173F4464001FFAE0 /* Build configuration list for PBXProject "DreamLand" */ = {
			isa = XCConfigurationList;
			buildConfigurations = (
				9CBD2CCA173F4464001FFAE0 /* Debug */,
				9CBD2CCB173F4464001FFAE0 /* Release */,
			);
			defaultConfigurationIsVisible = 0;
			defaultConfigurationName = Release;
		};
		9CBD2CCC173F4464001FFAE0 /* Build configuration list for PBXNativeTarget "DreamLand" */ = {
			isa = XCConfigurationList;
			buildConfigurations = (
				9CBD2CCD173F4464001FFAE0 /* Debug */,
				9CBD2CCE173F4464001FFAE0 /* Release */,
			);
			defaultConfigurationIsVisible = 0;
			defaultConfigurationName = Release;
		};
/* End XCConfigurationList section */
	};
	rootObject = 9CBD2CA1173F4464001FFAE0 /* Project object */;
}
